// !$*UTF8*$!
{
	archiveVersion = 1;
	classes = {
	};
	objectVersion = 46;
	objects = {

/* Begin PBXBuildFile section */
		CB9350021AE5032700756186 /* AppDelegate.swift in Sources */ = {isa = PBXBuildFile; fileRef = CB9350011AE5032700756186 /* AppDelegate.swift */; };
		CB9350041AE5032700756186 /* ViewController.swift in Sources */ = {isa = PBXBuildFile; fileRef = CB9350031AE5032700756186 /* ViewController.swift */; };
		CB9350071AE5032800756186 /* Main.storyboard in Resources */ = {isa = PBXBuildFile; fileRef = CB9350051AE5032800756186 /* Main.storyboard */; };
		CB9350091AE5032800756186 /* Images.xcassets in Resources */ = {isa = PBXBuildFile; fileRef = CB9350081AE5032800756186 /* Images.xcassets */; };
		CB93500C1AE5032900756186 /* LaunchScreen.xib in Resources */ = {isa = PBXBuildFile; fileRef = CB93500A1AE5032900756186 /* LaunchScreen.xib */; };
		CB9350181AE5032900756186 /* AutolayoutExampleTests.swift in Sources */ = {isa = PBXBuildFile; fileRef = CB9350171AE5032900756186 /* AutolayoutExampleTests.swift */; };
		CB9350261AE5037F00756186 /* KSToken.swift in Sources */ = {isa = PBXBuildFile; fileRef = CB9350221AE5037F00756186 /* KSToken.swift */; };
		CB9350271AE5037F00756186 /* KSTokenField.swift in Sources */ = {isa = PBXBuildFile; fileRef = CB9350231AE5037F00756186 /* KSTokenField.swift */; };
		CB9350281AE5037F00756186 /* KSTokenView.swift in Sources */ = {isa = PBXBuildFile; fileRef = CB9350241AE5037F00756186 /* KSTokenView.swift */; };
		CB9350291AE5037F00756186 /* KSUtils.swift in Sources */ = {isa = PBXBuildFile; fileRef = CB9350251AE5037F00756186 /* KSUtils.swift */; };
		CB93502B1AE5045E00756186 /* List.swift in Sources */ = {isa = PBXBuildFile; fileRef = CB93502A1AE5045E00756186 /* List.swift */; };
/* End PBXBuildFile section */

/* Begin PBXContainerItemProxy section */
		CB9350121AE5032900756186 /* PBXContainerItemProxy */ = {
			isa = PBXContainerItemProxy;
			containerPortal = CB934FF41AE5032400756186 /* Project object */;
			proxyType = 1;
			remoteGlobalIDString = CB934FFB1AE5032500756186;
			remoteInfo = AutolayoutExample;
		};
/* End PBXContainerItemProxy section */

/* Begin PBXFileReference section */
		CB934FFC1AE5032600756186 /* AutolayoutExample.app */ = {isa = PBXFileReference; explicitFileType = wrapper.application; includeInIndex = 0; path = AutolayoutExample.app; sourceTree = BUILT_PRODUCTS_DIR; };
		CB9350001AE5032700756186 /* Info.plist */ = {isa = PBXFileReference; lastKnownFileType = text.plist.xml; path = Info.plist; sourceTree = "<group>"; };
		CB9350011AE5032700756186 /* AppDelegate.swift */ = {isa = PBXFileReference; lastKnownFileType = sourcecode.swift; path = AppDelegate.swift; sourceTree = "<group>"; };
		CB9350031AE5032700756186 /* ViewController.swift */ = {isa = PBXFileReference; lastKnownFileType = sourcecode.swift; path = ViewController.swift; sourceTree = "<group>"; };
		CB9350061AE5032800756186 /* Base */ = {isa = PBXFileReference; lastKnownFileType = file.storyboard; name = Base; path = Base.lproj/Main.storyboard; sourceTree = "<group>"; };
		CB9350081AE5032800756186 /* Images.xcassets */ = {isa = PBXFileReference; lastKnownFileType = folder.assetcatalog; path = Images.xcassets; sourceTree = "<group>"; };
		CB93500B1AE5032900756186 /* Base */ = {isa = PBXFileReference; lastKnownFileType = file.xib; name = Base; path = Base.lproj/LaunchScreen.xib; sourceTree = "<group>"; };
		CB9350111AE5032900756186 /* AutolayoutExampleTests.xctest */ = {isa = PBXFileReference; explicitFileType = wrapper.cfbundle; includeInIndex = 0; path = AutolayoutExampleTests.xctest; sourceTree = BUILT_PRODUCTS_DIR; };
		CB9350161AE5032900756186 /* Info.plist */ = {isa = PBXFileReference; lastKnownFileType = text.plist.xml; path = Info.plist; sourceTree = "<group>"; };
		CB9350171AE5032900756186 /* AutolayoutExampleTests.swift */ = {isa = PBXFileReference; lastKnownFileType = sourcecode.swift; path = AutolayoutExampleTests.swift; sourceTree = "<group>"; };
		CB9350221AE5037F00756186 /* KSToken.swift */ = {isa = PBXFileReference; fileEncoding = 4; lastKnownFileType = sourcecode.swift; path = KSToken.swift; sourceTree = "<group>"; };
		CB9350231AE5037F00756186 /* KSTokenField.swift */ = {isa = PBXFileReference; fileEncoding = 4; lastKnownFileType = sourcecode.swift; path = KSTokenField.swift; sourceTree = "<group>"; };
		CB9350241AE5037F00756186 /* KSTokenView.swift */ = {isa = PBXFileReference; fileEncoding = 4; lastKnownFileType = sourcecode.swift; path = KSTokenView.swift; sourceTree = "<group>"; };
		CB9350251AE5037F00756186 /* KSUtils.swift */ = {isa = PBXFileReference; fileEncoding = 4; lastKnownFileType = sourcecode.swift; path = KSUtils.swift; sourceTree = "<group>"; };
		CB93502A1AE5045E00756186 /* List.swift */ = {isa = PBXFileReference; fileEncoding = 4; lastKnownFileType = sourcecode.swift; name = List.swift; path = ../../List.swift; sourceTree = "<group>"; };
/* End PBXFileReference section */

/* Begin PBXFrameworksBuildPhase section */
		CB934FF91AE5032500756186 /* Frameworks */ = {
			isa = PBXFrameworksBuildPhase;
			buildActionMask = 2147483647;
			files = (
			);
			runOnlyForDeploymentPostprocessing = 0;
		};
		CB93500E1AE5032900756186 /* Frameworks */ = {
			isa = PBXFrameworksBuildPhase;
			buildActionMask = 2147483647;
			files = (
			);
			runOnlyForDeploymentPostprocessing = 0;
		};
/* End PBXFrameworksBuildPhase section */

/* Begin PBXGroup section */
		CB934FF31AE5032300756186 = {
			isa = PBXGroup;
			children = (
				CB9350211AE5037F00756186 /* KSTokenView */,
				CB934FFE1AE5032600756186 /* AutolayoutExample */,
				CB9350141AE5032900756186 /* AutolayoutExampleTests */,
				CB934FFD1AE5032600756186 /* Products */,
			);
			sourceTree = "<group>";
		};
		CB934FFD1AE5032600756186 /* Products */ = {
			isa = PBXGroup;
			children = (
				CB934FFC1AE5032600756186 /* AutolayoutExample.app */,
				CB9350111AE5032900756186 /* AutolayoutExampleTests.xctest */,
			);
			name = Products;
			sourceTree = "<group>";
		};
		CB934FFE1AE5032600756186 /* AutolayoutExample */ = {
			isa = PBXGroup;
			children = (
				CB93502A1AE5045E00756186 /* List.swift */,
				CB9350011AE5032700756186 /* AppDelegate.swift */,
				CB9350031AE5032700756186 /* ViewController.swift */,
				CB9350051AE5032800756186 /* Main.storyboard */,
				CB9350081AE5032800756186 /* Images.xcassets */,
				CB93500A1AE5032900756186 /* LaunchScreen.xib */,
				CB934FFF1AE5032700756186 /* Supporting Files */,
			);
			path = AutolayoutExample;
			sourceTree = "<group>";
		};
		CB934FFF1AE5032700756186 /* Supporting Files */ = {
			isa = PBXGroup;
			children = (
				CB9350001AE5032700756186 /* Info.plist */,
			);
			name = "Supporting Files";
			sourceTree = "<group>";
		};
		CB9350141AE5032900756186 /* AutolayoutExampleTests */ = {
			isa = PBXGroup;
			children = (
				CB9350171AE5032900756186 /* AutolayoutExampleTests.swift */,
				CB9350151AE5032900756186 /* Supporting Files */,
			);
			path = AutolayoutExampleTests;
			sourceTree = "<group>";
		};
		CB9350151AE5032900756186 /* Supporting Files */ = {
			isa = PBXGroup;
			children = (
				CB9350161AE5032900756186 /* Info.plist */,
			);
			name = "Supporting Files";
			sourceTree = "<group>";
		};
		CB9350211AE5037F00756186 /* KSTokenView */ = {
			isa = PBXGroup;
			children = (
				CB9350221AE5037F00756186 /* KSToken.swift */,
				CB9350231AE5037F00756186 /* KSTokenField.swift */,
				CB9350241AE5037F00756186 /* KSTokenView.swift */,
				CB9350251AE5037F00756186 /* KSUtils.swift */,
			);
			name = KSTokenView;
			path = ../../KSTokenView;
			sourceTree = "<group>";
		};
/* End PBXGroup section */

/* Begin PBXNativeTarget section */
		CB934FFB1AE5032500756186 /* AutolayoutExample */ = {
			isa = PBXNativeTarget;
			buildConfigurationList = CB93501B1AE5032900756186 /* Build configuration list for PBXNativeTarget "AutolayoutExample" */;
			buildPhases = (
				CB934FF81AE5032500756186 /* Sources */,
				CB934FF91AE5032500756186 /* Frameworks */,
				CB934FFA1AE5032500756186 /* Resources */,
			);
			buildRules = (
			);
			dependencies = (
			);
			name = AutolayoutExample;
			productName = AutolayoutExample;
			productReference = CB934FFC1AE5032600756186 /* AutolayoutExample.app */;
			productType = "com.apple.product-type.application";
		};
		CB9350101AE5032900756186 /* AutolayoutExampleTests */ = {
			isa = PBXNativeTarget;
			buildConfigurationList = CB93501E1AE5032900756186 /* Build configuration list for PBXNativeTarget "AutolayoutExampleTests" */;
			buildPhases = (
				CB93500D1AE5032900756186 /* Sources */,
				CB93500E1AE5032900756186 /* Frameworks */,
				CB93500F1AE5032900756186 /* Resources */,
			);
			buildRules = (
			);
			dependencies = (
				CB9350131AE5032900756186 /* PBXTargetDependency */,
			);
			name = AutolayoutExampleTests;
			productName = AutolayoutExampleTests;
			productReference = CB9350111AE5032900756186 /* AutolayoutExampleTests.xctest */;
			productType = "com.apple.product-type.bundle.unit-test";
		};
/* End PBXNativeTarget section */

/* Begin PBXProject section */
		CB934FF41AE5032400756186 /* Project object */ = {
			isa = PBXProject;
			attributes = {
				LastSwiftUpdateCheck = 0700;
				LastUpgradeCheck = 0700;
				ORGANIZATIONNAME = "Khawar Shahzad";
				TargetAttributes = {
					CB934FFB1AE5032500756186 = {
						CreatedOnToolsVersion = 6.3;
					};
					CB9350101AE5032900756186 = {
						CreatedOnToolsVersion = 6.3;
						TestTargetID = CB934FFB1AE5032500756186;
					};
				};
			};
			buildConfigurationList = CB934FF71AE5032400756186 /* Build configuration list for PBXProject "AutolayoutExample" */;
			compatibilityVersion = "Xcode 3.2";
			developmentRegion = English;
			hasScannedForEncodings = 0;
			knownRegions = (
				en,
				Base,
			);
			mainGroup = CB934FF31AE5032300756186;
			productRefGroup = CB934FFD1AE5032600756186 /* Products */;
			projectDirPath = "";
			projectRoot = "";
			targets = (
				CB934FFB1AE5032500756186 /* AutolayoutExample */,
				CB9350101AE5032900756186 /* AutolayoutExampleTests */,
			);
		};
/* End PBXProject section */

/* Begin PBXResourcesBuildPhase section */
		CB934FFA1AE5032500756186 /* Resources */ = {
			isa = PBXResourcesBuildPhase;
			buildActionMask = 2147483647;
			files = (
				CB9350071AE5032800756186 /* Main.storyboard in Resources */,
				CB93500C1AE5032900756186 /* LaunchScreen.xib in Resources */,
				CB9350091AE5032800756186 /* Images.xcassets in Resources */,
			);
			runOnlyForDeploymentPostprocessing = 0;
		};
		CB93500F1AE5032900756186 /* Resources */ = {
			isa = PBXResourcesBuildPhase;
			buildActionMask = 2147483647;
			files = (
			);
			runOnlyForDeploymentPostprocessing = 0;
		};
/* End PBXResourcesBuildPhase section */

/* Begin PBXSourcesBuildPhase section */
		CB934FF81AE5032500756186 /* Sources */ = {
			isa = PBXSourcesBuildPhase;
			buildActionMask = 2147483647;
			files = (
				CB9350271AE5037F00756186 /* KSTokenField.swift in Sources */,
				CB9350041AE5032700756186 /* ViewController.swift in Sources */,
				CB93502B1AE5045E00756186 /* List.swift in Sources */,
				CB9350021AE5032700756186 /* AppDelegate.swift in Sources */,
				CB9350291AE5037F00756186 /* KSUtils.swift in Sources */,
				CB9350261AE5037F00756186 /* KSToken.swift in Sources */,
				CB9350281AE5037F00756186 /* KSTokenView.swift in Sources */,
			);
			runOnlyForDeploymentPostprocessing = 0;
		};
		CB93500D1AE5032900756186 /* Sources */ = {
			isa = PBXSourcesBuildPhase;
			buildActionMask = 2147483647;
			files = (
				CB9350181AE5032900756186 /* AutolayoutExampleTests.swift in Sources */,
			);
			runOnlyForDeploymentPostprocessing = 0;
		};
/* End PBXSourcesBuildPhase section */

/* Begin PBXTargetDependency section */
		CB9350131AE5032900756186 /* PBXTargetDependency */ = {
			isa = PBXTargetDependency;
			target = CB934FFB1AE5032500756186 /* AutolayoutExample */;
			targetProxy = CB9350121AE5032900756186 /* PBXContainerItemProxy */;
		};
/* End PBXTargetDependency section */

/* Begin PBXVariantGroup section */
		CB9350051AE5032800756186 /* Main.storyboard */ = {
			isa = PBXVariantGroup;
			children = (
				CB9350061AE5032800756186 /* Base */,
			);
			name = Main.storyboard;
			sourceTree = "<group>";
		};
		CB93500A1AE5032900756186 /* LaunchScreen.xib */ = {
			isa = PBXVariantGroup;
			children = (
				CB93500B1AE5032900756186 /* Base */,
			);
			name = LaunchScreen.xib;
			sourceTree = "<group>";
		};
/* End PBXVariantGroup section */

/* Begin XCBuildConfiguration section */
		CB9350191AE5032900756186 /* Debug */ = {
			isa = XCBuildConfiguration;
			buildSettings = {
				ALWAYS_SEARCH_USER_PATHS = NO;
				CLANG_CXX_LANGUAGE_STANDARD = "gnu++0x";
				CLANG_CXX_LIBRARY = "libc++";
				CLANG_ENABLE_MODULES = YES;
				CLANG_ENABLE_OBJC_ARC = YES;
				CLANG_WARN_BOOL_CONVERSION = YES;
				CLANG_WARN_CONSTANT_CONVERSION = YES;
				CLANG_WARN_DIRECT_OBJC_ISA_USAGE = YES_ERROR;
				CLANG_WARN_EMPTY_BODY = YES;
				CLANG_WARN_ENUM_CONVERSION = YES;
				CLANG_WARN_INT_CONVERSION = YES;
				CLANG_WARN_OBJC_ROOT_CLASS = YES_ERROR;
				CLANG_WARN_UNREACHABLE_CODE = YES;
				CLANG_WARN__DUPLICATE_METHOD_MATCH = YES;
				"CODE_SIGN_IDENTITY[sdk=iphoneos*]" = "iPhone Developer";
				COPY_PHASE_STRIP = NO;
				DEBUG_INFORMATION_FORMAT = "dwarf-with-dsym";
				ENABLE_STRICT_OBJC_MSGSEND = YES;
				ENABLE_TESTABILITY = YES;
				GCC_C_LANGUAGE_STANDARD = gnu99;
				GCC_DYNAMIC_NO_PIC = NO;
				GCC_NO_COMMON_BLOCKS = YES;
				GCC_OPTIMIZATION_LEVEL = 0;
				GCC_PREPROCESSOR_DEFINITIONS = (
					"DEBUG=1",
					"$(inherited)",
				);
				GCC_SYMBOLS_PRIVATE_EXTERN = NO;
				GCC_WARN_64_TO_32_BIT_CONVERSION = YES;
				GCC_WARN_ABOUT_RETURN_TYPE = YES_ERROR;
				GCC_WARN_UNDECLARED_SELECTOR = YES;
				GCC_WARN_UNINITIALIZED_AUTOS = YES_AGGRESSIVE;
				GCC_WARN_UNUSED_FUNCTION = YES;
				GCC_WARN_UNUSED_VARIABLE = YES;
				IPHONEOS_DEPLOYMENT_TARGET = 8.3;
				MTL_ENABLE_DEBUG_INFO = YES;
				ONLY_ACTIVE_ARCH = YES;
				SDKROOT = iphoneos;
				SWIFT_OPTIMIZATION_LEVEL = "-Onone";
				TARGETED_DEVICE_FAMILY = "1,2";
			};
			name = Debug;
		};
		CB93501A1AE5032900756186 /* Release */ = {
			isa = XCBuildConfiguration;
			buildSettings = {
				ALWAYS_SEARCH_USER_PATHS = NO;
				CLANG_CXX_LANGUAGE_STANDARD = "gnu++0x";
				CLANG_CXX_LIBRARY = "libc++";
				CLANG_ENABLE_MODULES = YES;
				CLANG_ENABLE_OBJC_ARC = YES;
				CLANG_WARN_BOOL_CONVERSION = YES;
				CLANG_WARN_CONSTANT_CONVERSION = YES;
				CLANG_WARN_DIRECT_OBJC_ISA_USAGE = YES_ERROR;
				CLANG_WARN_EMPTY_BODY = YES;
				CLANG_WARN_ENUM_CONVERSION = YES;
				CLANG_WARN_INT_CONVERSION = YES;
				CLANG_WARN_OBJC_ROOT_CLASS = YES_ERROR;
				CLANG_WARN_UNREACHABLE_CODE = YES;
				CLANG_WARN__DUPLICATE_METHOD_MATCH = YES;
				"CODE_SIGN_IDENTITY[sdk=iphoneos*]" = "iPhone Developer";
				COPY_PHASE_STRIP = NO;
				DEBUG_INFORMATION_FORMAT = "dwarf-with-dsym";
				ENABLE_NS_ASSERTIONS = NO;
				ENABLE_STRICT_OBJC_MSGSEND = YES;
				GCC_C_LANGUAGE_STANDARD = gnu99;
				GCC_NO_COMMON_BLOCKS = YES;
				GCC_WARN_64_TO_32_BIT_CONVERSION = YES;
				GCC_WARN_ABOUT_RETURN_TYPE = YES_ERROR;
				GCC_WARN_UNDECLARED_SELECTOR = YES;
				GCC_WARN_UNINITIALIZED_AUTOS = YES_AGGRESSIVE;
				GCC_WARN_UNUSED_FUNCTION = YES;
				GCC_WARN_UNUSED_VARIABLE = YES;
				IPHONEOS_DEPLOYMENT_TARGET = 8.3;
				MTL_ENABLE_DEBUG_INFO = NO;
				SDKROOT = iphoneos;
				TARGETED_DEVICE_FAMILY = "1,2";
				VALIDATE_PRODUCT = YES;
			};
			name = Release;
		};
		CB93501C1AE5032900756186 /* Debug */ = {
			isa = XCBuildConfiguration;
			buildSettings = {
				ASSETCATALOG_COMPILER_APPICON_NAME = AppIcon;
				INFOPLIST_FILE = AutolayoutExample/Info.plist;
				LD_RUNPATH_SEARCH_PATHS = "$(inherited) @executable_path/Frameworks";
				PRODUCT_BUNDLE_IDENTIFIER = "com.khawar.$(PRODUCT_NAME:rfc1034identifier)";
				PRODUCT_NAME = "$(TARGET_NAME)";
			};
			name = Debug;
		};
		CB93501D1AE5032900756186 /* Release */ = {
			isa = XCBuildConfiguration;
			buildSettings = {
				ASSETCATALOG_COMPILER_APPICON_NAME = AppIcon;
				INFOPLIST_FILE = AutolayoutExample/Info.plist;
				LD_RUNPATH_SEARCH_PATHS = "$(inherited) @executable_path/Frameworks";
				PRODUCT_BUNDLE_IDENTIFIER = "com.khawar.$(PRODUCT_NAME:rfc1034identifier)";
				PRODUCT_NAME = "$(TARGET_NAME)";
			};
			name = Release;
		};
		CB93501F1AE5032900756186 /* Debug */ = {
			isa = XCBuildConfiguration;
			buildSettings = {
				BUNDLE_LOADER = "$(TEST_HOST)";
				FRAMEWORK_SEARCH_PATHS = (
					"$(SDKROOT)/Developer/Library/Frameworks",
					"$(inherited)",
				);
				GCC_PREPROCESSOR_DEFINITIONS = (
					"DEBUG=1",
					"$(inherited)",
				);
				INFOPLIST_FILE = AutolayoutExampleTests/Info.plist;
				LD_RUNPATH_SEARCH_PATHS = "$(inherited) @executable_path/Frameworks @loader_path/Frameworks";
				PRODUCT_BUNDLE_IDENTIFIER = "com.khawar.$(PRODUCT_NAME:rfc1034identifier)";
				PRODUCT_NAME = "$(TARGET_NAME)";
				TEST_HOST = "$(BUILT_PRODUCTS_DIR)/AutolayoutExample.app/AutolayoutExample";
			};
			name = Debug;
		};
		CB9350201AE5032900756186 /* Release */ = {
			isa = XCBuildConfiguration;
			buildSettings = {
				BUNDLE_LOADER = "$(TEST_HOST)";
				FRAMEWORK_SEARCH_PATHS = (
					"$(SDKROOT)/Developer/Library/Frameworks",
					"$(inherited)",
				);
				INFOPLIST_FILE = AutolayoutExampleTests/Info.plist;
				LD_RUNPATH_SEARCH_PATHS = "$(inherited) @executable_path/Frameworks @loader_path/Frameworks";
				PRODUCT_BUNDLE_IDENTIFIER = "com.khawar.$(PRODUCT_NAME:rfc1034identifier)";
				PRODUCT_NAME = "$(TARGET_NAME)";
				TEST_HOST = "$(BUILT_PRODUCTS_DIR)/AutolayoutExample.app/AutolayoutExample";
			};
			name = Release;
		};
/* End XCBuildConfiguration section */

/* Begin XCConfigurationList section */
		CB934FF71AE5032400756186 /* Build configuration list for PBXProject "AutolayoutExample" */ = {
			isa = XCConfigurationList;
			buildConfigurations = (
				CB9350191AE5032900756186 /* Debug */,
				CB93501A1AE5032900756186 /* Release */,
			);
			defaultConfigurationIsVisible = 0;
			defaultConfigurationName = Release;
		};
		CB93501B1AE5032900756186 /* Build configuration list for PBXNativeTarget "AutolayoutExample" */ = {
			isa = XCConfigurationList;
			buildConfigurations = (
				CB93501C1AE5032900756186 /* Debug */,
				CB93501D1AE5032900756186 /* Release */,
			);
			defaultConfigurationIsVisible = 0;
			defaultConfigurationName = Release;
		};
		CB93501E1AE5032900756186 /* Build configuration list for PBXNativeTarget "AutolayoutExampleTests" */ = {
			isa = XCConfigurationList;
			buildConfigurations = (
				CB93501F1AE5032900756186 /* Debug */,
				CB9350201AE5032900756186 /* Release */,
			);
			defaultConfigurationIsVisible = 0;
			defaultConfigurationName = Release;
		};
/* End XCConfigurationList section */
	};
	rootObject = CB934FF41AE5032400756186 /* Project object */;
}
