// !$*UTF8*$!
{
	archiveVersion = 1;
	classes = {
	};
	objectVersion = 46;
	objects = {

/* Begin PBXBuildFile section */
		CB7170651A6429CB006681F7 /* DBCountry.m in Sources */ = {isa = PBXBuildFile; fileRef = CB7170641A6429CB006681F7 /* DBCountry.m */; };
		CBF5E8621A6422AC006A6BF0 /* main.m in Sources */ = {isa = PBXBuildFile; fileRef = CBF5E8611A6422AC006A6BF0 /* main.m */; };
		CBF5E8651A6422AC006A6BF0 /* AppDelegate.m in Sources */ = {isa = PBXBuildFile; fileRef = CBF5E8641A6422AC006A6BF0 /* AppDelegate.m */; };
		CBF5E8681A6422AC006A6BF0 /* ViewController.m in Sources */ = {isa = PBXBuildFile; fileRef = CBF5E8671A6422AC006A6BF0 /* ViewController.m */; };
		CBF5E86B1A6422AC006A6BF0 /* Main.storyboard in Resources */ = {isa = PBXBuildFile; fileRef = CBF5E8691A6422AC006A6BF0 /* Main.storyboard */; };
		CBF5E86D1A6422AC006A6BF0 /* Images.xcassets in Resources */ = {isa = PBXBuildFile; fileRef = CBF5E86C1A6422AC006A6BF0 /* Images.xcassets */; };
		CBF5E8701A6422AC006A6BF0 /* LaunchScreen.xib in Resources */ = {isa = PBXBuildFile; fileRef = CBF5E86E1A6422AC006A6BF0 /* LaunchScreen.xib */; };
		CBF5E87C1A6422AC006A6BF0 /* ObjCExampleTests.m in Sources */ = {isa = PBXBuildFile; fileRef = CBF5E87B1A6422AC006A6BF0 /* ObjCExampleTests.m */; };
		CBF5E89D1A642564006A6BF0 /* KSToken.swift in Sources */ = {isa = PBXBuildFile; fileRef = CBF5E8991A642564006A6BF0 /* KSToken.swift */; };
		CBF5E89E1A642564006A6BF0 /* KSTokenField.swift in Sources */ = {isa = PBXBuildFile; fileRef = CBF5E89A1A642564006A6BF0 /* KSTokenField.swift */; };
		CBF5E89F1A642564006A6BF0 /* KSTokenView.swift in Sources */ = {isa = PBXBuildFile; fileRef = CBF5E89B1A642564006A6BF0 /* KSTokenView.swift */; };
		CBF5E8A01A642564006A6BF0 /* KSUtils.swift in Sources */ = {isa = PBXBuildFile; fileRef = CBF5E89C1A642564006A6BF0 /* KSUtils.swift */; };
/* End PBXBuildFile section */

/* Begin PBXContainerItemProxy section */
		CBF5E8761A6422AC006A6BF0 /* PBXContainerItemProxy */ = {
			isa = PBXContainerItemProxy;
			containerPortal = CBF5E8541A6422AC006A6BF0 /* Project object */;
			proxyType = 1;
			remoteGlobalIDString = CBF5E85B1A6422AC006A6BF0;
			remoteInfo = ObjCExample;
		};
/* End PBXContainerItemProxy section */

/* Begin PBXFileReference section */
		CB7170631A6429CB006681F7 /* DBCountry.h */ = {isa = PBXFileReference; fileEncoding = 4; lastKnownFileType = sourcecode.c.h; path = DBCountry.h; sourceTree = "<group>"; };
		CB7170641A6429CB006681F7 /* DBCountry.m */ = {isa = PBXFileReference; fileEncoding = 4; lastKnownFileType = sourcecode.c.objc; path = DBCountry.m; sourceTree = "<group>"; };
		CBF5E85C1A6422AC006A6BF0 /* ObjCExample.app */ = {isa = PBXFileReference; explicitFileType = wrapper.application; includeInIndex = 0; path = ObjCExample.app; sourceTree = BUILT_PRODUCTS_DIR; };
		CBF5E8601A6422AC006A6BF0 /* Info.plist */ = {isa = PBXFileReference; lastKnownFileType = text.plist.xml; path = Info.plist; sourceTree = "<group>"; };
		CBF5E8611A6422AC006A6BF0 /* main.m */ = {isa = PBXFileReference; lastKnownFileType = sourcecode.c.objc; path = main.m; sourceTree = "<group>"; };
		CBF5E8631A6422AC006A6BF0 /* AppDelegate.h */ = {isa = PBXFileReference; lastKnownFileType = sourcecode.c.h; path = AppDelegate.h; sourceTree = "<group>"; };
		CBF5E8641A6422AC006A6BF0 /* AppDelegate.m */ = {isa = PBXFileReference; lastKnownFileType = sourcecode.c.objc; path = AppDelegate.m; sourceTree = "<group>"; };
		CBF5E8661A6422AC006A6BF0 /* ViewController.h */ = {isa = PBXFileReference; lastKnownFileType = sourcecode.c.h; path = ViewController.h; sourceTree = "<group>"; };
		CBF5E8671A6422AC006A6BF0 /* ViewController.m */ = {isa = PBXFileReference; lastKnownFileType = sourcecode.c.objc; path = ViewController.m; sourceTree = "<group>"; };
		CBF5E86A1A6422AC006A6BF0 /* Base */ = {isa = PBXFileReference; lastKnownFileType = file.storyboard; name = Base; path = Base.lproj/Main.storyboard; sourceTree = "<group>"; };
		CBF5E86C1A6422AC006A6BF0 /* Images.xcassets */ = {isa = PBXFileReference; lastKnownFileType = folder.assetcatalog; path = Images.xcassets; sourceTree = "<group>"; };
		CBF5E86F1A6422AC006A6BF0 /* Base */ = {isa = PBXFileReference; lastKnownFileType = file.xib; name = Base; path = Base.lproj/LaunchScreen.xib; sourceTree = "<group>"; };
		CBF5E8751A6422AC006A6BF0 /* ObjCExampleTests.xctest */ = {isa = PBXFileReference; explicitFileType = wrapper.cfbundle; includeInIndex = 0; path = ObjCExampleTests.xctest; sourceTree = BUILT_PRODUCTS_DIR; };
		CBF5E87A1A6422AC006A6BF0 /* Info.plist */ = {isa = PBXFileReference; lastKnownFileType = text.plist.xml; path = Info.plist; sourceTree = "<group>"; };
		CBF5E87B1A6422AC006A6BF0 /* ObjCExampleTests.m */ = {isa = PBXFileReference; lastKnownFileType = sourcecode.c.objc; path = ObjCExampleTests.m; sourceTree = "<group>"; };
		CBF5E8851A6422F3006A6BF0 /* ObjCExample-Bridging-Header.h */ = {isa = PBXFileReference; lastKnownFileType = sourcecode.c.h; path = "ObjCExample-Bridging-Header.h"; sourceTree = "<group>"; };
		CBF5E8991A642564006A6BF0 /* KSToken.swift */ = {isa = PBXFileReference; fileEncoding = 4; lastKnownFileType = sourcecode.swift; name = KSToken.swift; path = ../../KSTokenView/KSToken.swift; sourceTree = "<group>"; };
		CBF5E89A1A642564006A6BF0 /* KSTokenField.swift */ = {isa = PBXFileReference; fileEncoding = 4; lastKnownFileType = sourcecode.swift; name = KSTokenField.swift; path = ../../KSTokenView/KSTokenField.swift; sourceTree = "<group>"; };
		CBF5E89B1A642564006A6BF0 /* KSTokenView.swift */ = {isa = PBXFileReference; fileEncoding = 4; lastKnownFileType = sourcecode.swift; name = KSTokenView.swift; path = ../../KSTokenView/KSTokenView.swift; sourceTree = "<group>"; };
		CBF5E89C1A642564006A6BF0 /* KSUtils.swift */ = {isa = PBXFileReference; fileEncoding = 4; lastKnownFileType = sourcecode.swift; name = KSUtils.swift; path = ../../KSTokenView/KSUtils.swift; sourceTree = "<group>"; };
/* End PBXFileReference section */

/* Begin PBXFrameworksBuildPhase section */
		CBF5E8591A6422AC006A6BF0 /* Frameworks */ = {
			isa = PBXFrameworksBuildPhase;
			buildActionMask = 2147483647;
			files = (
			);
			runOnlyForDeploymentPostprocessing = 0;
		};
		CBF5E8721A6422AC006A6BF0 /* Frameworks */ = {
			isa = PBXFrameworksBuildPhase;
			buildActionMask = 2147483647;
			files = (
			);
			runOnlyForDeploymentPostprocessing = 0;
		};
/* End PBXFrameworksBuildPhase section */

/* Begin PBXGroup section */
		CBF5E8531A6422AC006A6BF0 = {
			isa = PBXGroup;
			children = (
				CBF5E8881A642312006A6BF0 /* KSTokenView */,
				CBF5E85E1A6422AC006A6BF0 /* ObjCExample */,
				CBF5E8781A6422AC006A6BF0 /* ObjCExampleTests */,
				CBF5E85D1A6422AC006A6BF0 /* Products */,
				CBF5E8851A6422F3006A6BF0 /* ObjCExample-Bridging-Header.h */,
			);
			sourceTree = "<group>";
		};
		CBF5E85D1A6422AC006A6BF0 /* Products */ = {
			isa = PBXGroup;
			children = (
				CBF5E85C1A6422AC006A6BF0 /* ObjCExample.app */,
				CBF5E8751A6422AC006A6BF0 /* ObjCExampleTests.xctest */,
			);
			name = Products;
			sourceTree = "<group>";
		};
		CBF5E85E1A6422AC006A6BF0 /* ObjCExample */ = {
			isa = PBXGroup;
			children = (
				CBF5E8631A6422AC006A6BF0 /* AppDelegate.h */,
				CBF5E8641A6422AC006A6BF0 /* AppDelegate.m */,
				CBF5E8661A6422AC006A6BF0 /* ViewController.h */,
				CBF5E8671A6422AC006A6BF0 /* ViewController.m */,
				CBF5E8691A6422AC006A6BF0 /* Main.storyboard */,
				CB7170631A6429CB006681F7 /* DBCountry.h */,
				CB7170641A6429CB006681F7 /* DBCountry.m */,
				CBF5E86C1A6422AC006A6BF0 /* Images.xcassets */,
				CBF5E86E1A6422AC006A6BF0 /* LaunchScreen.xib */,
				CBF5E85F1A6422AC006A6BF0 /* Supporting Files */,
			);
			path = ObjCExample;
			sourceTree = "<group>";
		};
		CBF5E85F1A6422AC006A6BF0 /* Supporting Files */ = {
			isa = PBXGroup;
			children = (
				CBF5E8601A6422AC006A6BF0 /* Info.plist */,
				CBF5E8611A6422AC006A6BF0 /* main.m */,
			);
			name = "Supporting Files";
			sourceTree = "<group>";
		};
		CBF5E8781A6422AC006A6BF0 /* ObjCExampleTests */ = {
			isa = PBXGroup;
			children = (
				CBF5E87B1A6422AC006A6BF0 /* ObjCExampleTests.m */,
				CBF5E8791A6422AC006A6BF0 /* Supporting Files */,
			);
			path = ObjCExampleTests;
			sourceTree = "<group>";
		};
		CBF5E8791A6422AC006A6BF0 /* Supporting Files */ = {
			isa = PBXGroup;
			children = (
				CBF5E87A1A6422AC006A6BF0 /* Info.plist */,
			);
			name = "Supporting Files";
			sourceTree = "<group>";
		};
		CBF5E8881A642312006A6BF0 /* KSTokenView */ = {
			isa = PBXGroup;
			children = (
				CBF5E8991A642564006A6BF0 /* KSToken.swift */,
				CBF5E89A1A642564006A6BF0 /* KSTokenField.swift */,
				CBF5E89B1A642564006A6BF0 /* KSTokenView.swift */,
				CBF5E89C1A642564006A6BF0 /* KSUtils.swift */,
			);
			name = KSTokenView;
			sourceTree = "<group>";
		};
/* End PBXGroup section */

/* Begin PBXNativeTarget section */
		CBF5E85B1A6422AC006A6BF0 /* ObjCExample */ = {
			isa = PBXNativeTarget;
			buildConfigurationList = CBF5E87F1A6422AC006A6BF0 /* Build configuration list for PBXNativeTarget "ObjCExample" */;
			buildPhases = (
				CBF5E8581A6422AC006A6BF0 /* Sources */,
				CBF5E8591A6422AC006A6BF0 /* Frameworks */,
				CBF5E85A1A6422AC006A6BF0 /* Resources */,
			);
			buildRules = (
			);
			dependencies = (
			);
			name = ObjCExample;
			productName = ObjCExample;
			productReference = CBF5E85C1A6422AC006A6BF0 /* ObjCExample.app */;
			productType = "com.apple.product-type.application";
		};
		CBF5E8741A6422AC006A6BF0 /* ObjCExampleTests */ = {
			isa = PBXNativeTarget;
			buildConfigurationList = CBF5E8821A6422AC006A6BF0 /* Build configuration list for PBXNativeTarget "ObjCExampleTests" */;
			buildPhases = (
				CBF5E8711A6422AC006A6BF0 /* Sources */,
				CBF5E8721A6422AC006A6BF0 /* Frameworks */,
				CBF5E8731A6422AC006A6BF0 /* Resources */,
			);
			buildRules = (
			);
			dependencies = (
				CBF5E8771A6422AC006A6BF0 /* PBXTargetDependency */,
			);
			name = ObjCExampleTests;
			productName = ObjCExampleTests;
			productReference = CBF5E8751A6422AC006A6BF0 /* ObjCExampleTests.xctest */;
			productType = "com.apple.product-type.bundle.unit-test";
		};
/* End PBXNativeTarget section */

/* Begin PBXProject section */
		CBF5E8541A6422AC006A6BF0 /* Project object */ = {
			isa = PBXProject;
			attributes = {
				LastSwiftUpdateCheck = 0700;
				LastUpgradeCheck = 0700;
				ORGANIZATIONNAME = "Khawar Shahzad";
				TargetAttributes = {
					CBF5E85B1A6422AC006A6BF0 = {
						CreatedOnToolsVersion = 6.2;
						LastSwiftMigration = 0800;
					};
					CBF5E8741A6422AC006A6BF0 = {
						CreatedOnToolsVersion = 6.2;
						TestTargetID = CBF5E85B1A6422AC006A6BF0;
					};
				};
			};
			buildConfigurationList = CBF5E8571A6422AC006A6BF0 /* Build configuration list for PBXProject "ObjCExample" */;
			compatibilityVersion = "Xcode 3.2";
			developmentRegion = English;
			hasScannedForEncodings = 0;
			knownRegions = (
				en,
				Base,
			);
			mainGroup = CBF5E8531A6422AC006A6BF0;
			productRefGroup = CBF5E85D1A6422AC006A6BF0 /* Products */;
			projectDirPath = "";
			projectRoot = "";
			targets = (
				CBF5E85B1A6422AC006A6BF0 /* ObjCExample */,
				CBF5E8741A6422AC006A6BF0 /* ObjCExampleTests */,
			);
		};
/* End PBXProject section */

/* Begin PBXResourcesBuildPhase section */
		CBF5E85A1A6422AC006A6BF0 /* Resources */ = {
			isa = PBXResourcesBuildPhase;
			buildActionMask = 2147483647;
			files = (
				CBF5E86B1A6422AC006A6BF0 /* Main.storyboard in Resources */,
				CBF5E8701A6422AC006A6BF0 /* LaunchScreen.xib in Resources */,
				CBF5E86D1A6422AC006A6BF0 /* Images.xcassets in Resources */,
			);
			runOnlyForDeploymentPostprocessing = 0;
		};
		CBF5E8731A6422AC006A6BF0 /* Resources */ = {
			isa = PBXResourcesBuildPhase;
			buildActionMask = 2147483647;
			files = (
			);
			runOnlyForDeploymentPostprocessing = 0;
		};
/* End PBXResourcesBuildPhase section */

/* Begin PBXSourcesBuildPhase section */
		CBF5E8581A6422AC006A6BF0 /* Sources */ = {
			isa = PBXSourcesBuildPhase;
			buildActionMask = 2147483647;
			files = (
				CBF5E89F1A642564006A6BF0 /* KSTokenView.swift in Sources */,
				CBF5E8681A6422AC006A6BF0 /* ViewController.m in Sources */,
				CBF5E89E1A642564006A6BF0 /* KSTokenField.swift in Sources */,
				CBF5E89D1A642564006A6BF0 /* KSToken.swift in Sources */,
				CBF5E8651A6422AC006A6BF0 /* AppDelegate.m in Sources */,
				CBF5E8621A6422AC006A6BF0 /* main.m in Sources */,
				CB7170651A6429CB006681F7 /* DBCountry.m in Sources */,
				CBF5E8A01A642564006A6BF0 /* KSUtils.swift in Sources */,
			);
			runOnlyForDeploymentPostprocessing = 0;
		};
		CBF5E8711A6422AC006A6BF0 /* Sources */ = {
			isa = PBXSourcesBuildPhase;
			buildActionMask = 2147483647;
			files = (
				CBF5E87C1A6422AC006A6BF0 /* ObjCExampleTests.m in Sources */,
			);
			runOnlyForDeploymentPostprocessing = 0;
		};
/* End PBXSourcesBuildPhase section */

/* Begin PBXTargetDependency section */
		CBF5E8771A6422AC006A6BF0 /* PBXTargetDependency */ = {
			isa = PBXTargetDependency;
			target = CBF5E85B1A6422AC006A6BF0 /* ObjCExample */;
			targetProxy = CBF5E8761A6422AC006A6BF0 /* PBXContainerItemProxy */;
		};
/* End PBXTargetDependency section */

/* Begin PBXVariantGroup section */
		CBF5E8691A6422AC006A6BF0 /* Main.storyboard */ = {
			isa = PBXVariantGroup;
			children = (
				CBF5E86A1A6422AC006A6BF0 /* Base */,
			);
			name = Main.storyboard;
			sourceTree = "<group>";
		};
		CBF5E86E1A6422AC006A6BF0 /* LaunchScreen.xib */ = {
			isa = PBXVariantGroup;
			children = (
				CBF5E86F1A6422AC006A6BF0 /* Base */,
			);
			name = LaunchScreen.xib;
			sourceTree = "<group>";
		};
/* End PBXVariantGroup section */

/* Begin XCBuildConfiguration section */
		CBF5E87D1A6422AC006A6BF0 /* Debug */ = {
			isa = XCBuildConfiguration;
			buildSettings = {
				ALWAYS_SEARCH_USER_PATHS = NO;
				CLANG_CXX_LANGUAGE_STANDARD = "gnu++0x";
				CLANG_CXX_LIBRARY = "libc++";
				CLANG_ENABLE_MODULES = YES;
				CLANG_ENABLE_OBJC_ARC = YES;
				CLANG_WARN_BOOL_CONVERSION = YES;
				CLANG_WARN_CONSTANT_CONVERSION = YES;
				CLANG_WARN_DIRECT_OBJC_ISA_USAGE = YES_ERROR;
				CLANG_WARN_EMPTY_BODY = YES;
				CLANG_WARN_ENUM_CONVERSION = YES;
				CLANG_WARN_INT_CONVERSION = YES;
				CLANG_WARN_OBJC_ROOT_CLASS = YES_ERROR;
				CLANG_WARN_UNREACHABLE_CODE = YES;
				CLANG_WARN__DUPLICATE_METHOD_MATCH = YES;
				"CODE_SIGN_IDENTITY[sdk=iphoneos*]" = "iPhone Developer";
				COPY_PHASE_STRIP = NO;
				DEFINES_MODULE = YES;
				ENABLE_STRICT_OBJC_MSGSEND = YES;
				ENABLE_TESTABILITY = YES;
				GCC_C_LANGUAGE_STANDARD = gnu99;
				GCC_DYNAMIC_NO_PIC = NO;
				GCC_OPTIMIZATION_LEVEL = 0;
				GCC_PREPROCESSOR_DEFINITIONS = (
					"DEBUG=1",
					"$(inherited)",
				);
				GCC_SYMBOLS_PRIVATE_EXTERN = NO;
				GCC_WARN_64_TO_32_BIT_CONVERSION = YES;
				GCC_WARN_ABOUT_RETURN_TYPE = YES_ERROR;
				GCC_WARN_UNDECLARED_SELECTOR = YES;
				GCC_WARN_UNINITIALIZED_AUTOS = YES_AGGRESSIVE;
				GCC_WARN_UNUSED_FUNCTION = YES;
				GCC_WARN_UNUSED_VARIABLE = YES;
				IPHONEOS_DEPLOYMENT_TARGET = 8.2;
				MTL_ENABLE_DEBUG_INFO = YES;
				ONLY_ACTIVE_ARCH = YES;
				SDKROOT = iphoneos;
				TARGETED_DEVICE_FAMILY = "1,2";
			};
			name = Debug;
		};
		CBF5E87E1A6422AC006A6BF0 /* Release */ = {
			isa = XCBuildConfiguration;
			buildSettings = {
				ALWAYS_SEARCH_USER_PATHS = NO;
				CLANG_CXX_LANGUAGE_STANDARD = "gnu++0x";
				CLANG_CXX_LIBRARY = "libc++";
				CLANG_ENABLE_MODULES = YES;
				CLANG_ENABLE_OBJC_ARC = YES;
				CLANG_WARN_BOOL_CONVERSION = YES;
				CLANG_WARN_CONSTANT_CONVERSION = YES;
				CLANG_WARN_DIRECT_OBJC_ISA_USAGE = YES_ERROR;
				CLANG_WARN_EMPTY_BODY = YES;
				CLANG_WARN_ENUM_CONVERSION = YES;
				CLANG_WARN_INT_CONVERSION = YES;
				CLANG_WARN_OBJC_ROOT_CLASS = YES_ERROR;
				CLANG_WARN_UNREACHABLE_CODE = YES;
				CLANG_WARN__DUPLICATE_METHOD_MATCH = YES;
				"CODE_SIGN_IDENTITY[sdk=iphoneos*]" = "iPhone Developer";
				COPY_PHASE_STRIP = YES;
				DEFINES_MODULE = YES;
				ENABLE_NS_ASSERTIONS = NO;
				ENABLE_STRICT_OBJC_MSGSEND = YES;
				GCC_C_LANGUAGE_STANDARD = gnu99;
				GCC_WARN_64_TO_32_BIT_CONVERSION = YES;
				GCC_WARN_ABOUT_RETURN_TYPE = YES_ERROR;
				GCC_WARN_UNDECLARED_SELECTOR = YES;
				GCC_WARN_UNINITIALIZED_AUTOS = YES_AGGRESSIVE;
				GCC_WARN_UNUSED_FUNCTION = YES;
				GCC_WARN_UNUSED_VARIABLE = YES;
				IPHONEOS_DEPLOYMENT_TARGET = 8.2;
				MTL_ENABLE_DEBUG_INFO = NO;
				SDKROOT = iphoneos;
				TARGETED_DEVICE_FAMILY = "1,2";
				VALIDATE_PRODUCT = YES;
			};
			name = Release;
		};
		CBF5E8801A6422AC006A6BF0 /* Debug */ = {
			isa = XCBuildConfiguration;
			buildSettings = {
				ASSETCATALOG_COMPILER_APPICON_NAME = AppIcon;
				CLANG_ENABLE_MODULES = YES;
				DEFINES_MODULE = YES;
				INFOPLIST_FILE = ObjCExample/Info.plist;
				IPHONEOS_DEPLOYMENT_TARGET = 7.0;
				LD_RUNPATH_SEARCH_PATHS = "$(inherited) @executable_path/Frameworks";
				PRODUCT_BUNDLE_IDENTIFIER = "com.khawar.$(PRODUCT_NAME:rfc1034identifier)";
				PRODUCT_NAME = "$(TARGET_NAME)";
				SWIFT_OBJC_BRIDGING_HEADER = "ObjCExample-Bridging-Header.h";
				SWIFT_OPTIMIZATION_LEVEL = "-Onone";
				SWIFT_VERSION = 2.3;
			};
			name = Debug;
		};
		CBF5E8811A6422AC006A6BF0 /* Release */ = {
			isa = XCBuildConfiguration;
			buildSettings = {
				ASSETCATALOG_COMPILER_APPICON_NAME = AppIcon;
				CLANG_ENABLE_MODULES = YES;
				DEFINES_MODULE = YES;
				INFOPLIST_FILE = ObjCExample/Info.plist;
				IPHONEOS_DEPLOYMENT_TARGET = 7.0;
				LD_RUNPATH_SEARCH_PATHS = "$(inherited) @executable_path/Frameworks";
				PRODUCT_BUNDLE_IDENTIFIER = "com.khawar.$(PRODUCT_NAME:rfc1034identifier)";
				PRODUCT_NAME = "$(TARGET_NAME)";
				SWIFT_OBJC_BRIDGING_HEADER = "ObjCExample-Bridging-Header.h";
				SWIFT_VERSION = 2.3;
			};
			name = Release;
		};
		CBF5E8831A6422AC006A6BF0 /* Debug */ = {
			isa = XCBuildConfiguration;
			buildSettings = {
				BUNDLE_LOADER = "$(TEST_HOST)";
				FRAMEWORK_SEARCH_PATHS = (
					"$(SDKROOT)/Developer/Library/Frameworks",
					"$(inherited)",
				);
				GCC_PREPROCESSOR_DEFINITIONS = (
					"DEBUG=1",
					"$(inherited)",
				);
				INFOPLIST_FILE = ObjCExampleTests/Info.plist;
				LD_RUNPATH_SEARCH_PATHS = "$(inherited) @executable_path/Frameworks @loader_path/Frameworks";
				PRODUCT_BUNDLE_IDENTIFIER = "com.khawar.$(PRODUCT_NAME:rfc1034identifier)";
				PRODUCT_NAME = "$(TARGET_NAME)";
				TEST_HOST = "$(BUILT_PRODUCTS_DIR)/ObjCExample.app/ObjCExample";
			};
			name = Debug;
		};
		CBF5E8841A6422AC006A6BF0 /* Release */ = {
			isa = XCBuildConfiguration;
			buildSettings = {
				BUNDLE_LOADER = "$(TEST_HOST)";
				FRAMEWORK_SEARCH_PATHS = (
					"$(SDKROOT)/Developer/Library/Frameworks",
					"$(inherited)",
				);
				INFOPLIST_FILE = ObjCExampleTests/Info.plist;
				LD_RUNPATH_SEARCH_PATHS = "$(inherited) @executable_path/Frameworks @loader_path/Frameworks";
				PRODUCT_BUNDLE_IDENTIFIER = "com.khawar.$(PRODUCT_NAME:rfc1034identifier)";
				PRODUCT_NAME = "$(TARGET_NAME)";
				TEST_HOST = "$(BUILT_PRODUCTS_DIR)/ObjCExample.app/ObjCExample";
			};
			name = Release;
		};
/* End XCBuildConfiguration section */

/* Begin XCConfigurationList section */
		CBF5E8571A6422AC006A6BF0 /* Build configuration list for PBXProject "ObjCExample" */ = {
			isa = XCConfigurationList;
			buildConfigurations = (
				CBF5E87D1A6422AC006A6BF0 /* Debug */,
				CBF5E87E1A6422AC006A6BF0 /* Release */,
			);
			defaultConfigurationIsVisible = 0;
			defaultConfigurationName = Release;
		};
		CBF5E87F1A6422AC006A6BF0 /* Build configuration list for PBXNativeTarget "ObjCExample" */ = {
			isa = XCConfigurationList;
			buildConfigurations = (
				CBF5E8801A6422AC006A6BF0 /* Debug */,
				CBF5E8811A6422AC006A6BF0 /* Release */,
			);
			defaultConfigurationIsVisible = 0;
			defaultConfigurationName = Release;
		};
		CBF5E8821A6422AC006A6BF0 /* Build configuration list for PBXNativeTarget "ObjCExampleTests" */ = {
			isa = XCConfigurationList;
			buildConfigurations = (
				CBF5E8831A6422AC006A6BF0 /* Debug */,
				CBF5E8841A6422AC006A6BF0 /* Release */,
			);
			defaultConfigurationIsVisible = 0;
			defaultConfigurationName = Release;
		};
/* End XCConfigurationList section */
	};
	rootObject = CBF5E8541A6422AC006A6BF0 /* Project object */;
}
