// !$*UTF8*$!
{
	archiveVersion = 1;
	classes = {
	};
	objectVersion = 46;
	objects = {

/* Begin PBXBuildFile section */
		CB9D169D1A6698500001F15A /* AppDelegate.swift in Sources */ = {isa = PBXBuildFile; fileRef = CB9D169C1A6698500001F15A /* AppDelegate.swift */; };
		CB9D169F1A6698500001F15A /* ViewController.swift in Sources */ = {isa = PBXBuildFile; fileRef = CB9D169E1A6698500001F15A /* ViewController.swift */; };
		CB9D16A21A6698500001F15A /* Main.storyboard in Resources */ = {isa = PBXBuildFile; fileRef = CB9D16A01A6698500001F15A /* Main.storyboard */; };
		CB9D16A41A6698500001F15A /* Images.xcassets in Resources */ = {isa = PBXBuildFile; fileRef = CB9D16A31A6698500001F15A /* Images.xcassets */; };
		CB9D16A71A6698500001F15A /* LaunchScreen.xib in Resources */ = {isa = PBXBuildFile; fileRef = CB9D16A51A6698500001F15A /* LaunchScreen.xib */; };
		CB9D16B31A6698500001F15A /* ProgrammaticallyExampleTests.swift in Sources */ = {isa = PBXBuildFile; fileRef = CB9D16B21A6698500001F15A /* ProgrammaticallyExampleTests.swift */; };
		CB9D16C11A66989B0001F15A /* KSToken.swift in Sources */ = {isa = PBXBuildFile; fileRef = CB9D16BD1A66989B0001F15A /* KSToken.swift */; };
		CB9D16C21A66989B0001F15A /* KSTokenField.swift in Sources */ = {isa = PBXBuildFile; fileRef = CB9D16BE1A66989B0001F15A /* KSTokenField.swift */; };
		CB9D16C31A66989B0001F15A /* KSTokenView.swift in Sources */ = {isa = PBXBuildFile; fileRef = CB9D16BF1A66989B0001F15A /* KSTokenView.swift */; };
		CB9D16C41A66989B0001F15A /* KSUtils.swift in Sources */ = {isa = PBXBuildFile; fileRef = CB9D16C01A66989B0001F15A /* KSUtils.swift */; };
		CB9D16C61A66992C0001F15A /* List.swift in Sources */ = {isa = PBXBuildFile; fileRef = CB9D16C51A66992C0001F15A /* List.swift */; };
/* End PBXBuildFile section */

/* Begin PBXContainerItemProxy section */
		CB9D16AD1A6698500001F15A /* PBXContainerItemProxy */ = {
			isa = PBXContainerItemProxy;
			containerPortal = CB9D168F1A6698500001F15A /* Project object */;
			proxyType = 1;
			remoteGlobalIDString = CB9D16961A6698500001F15A;
			remoteInfo = ProgrammaticallyExample;
		};
/* End PBXContainerItemProxy section */

/* Begin PBXFileReference section */
		CB9D16971A6698500001F15A /* ProgrammaticallyExample.app */ = {isa = PBXFileReference; explicitFileType = wrapper.application; includeInIndex = 0; path = ProgrammaticallyExample.app; sourceTree = BUILT_PRODUCTS_DIR; };
		CB9D169B1A6698500001F15A /* Info.plist */ = {isa = PBXFileReference; lastKnownFileType = text.plist.xml; path = Info.plist; sourceTree = "<group>"; };
		CB9D169C1A6698500001F15A /* AppDelegate.swift */ = {isa = PBXFileReference; lastKnownFileType = sourcecode.swift; path = AppDelegate.swift; sourceTree = "<group>"; };
		CB9D169E1A6698500001F15A /* ViewController.swift */ = {isa = PBXFileReference; lastKnownFileType = sourcecode.swift; path = ViewController.swift; sourceTree = "<group>"; };
		CB9D16A11A6698500001F15A /* Base */ = {isa = PBXFileReference; lastKnownFileType = file.storyboard; name = Base; path = Base.lproj/Main.storyboard; sourceTree = "<group>"; };
		CB9D16A31A6698500001F15A /* Images.xcassets */ = {isa = PBXFileReference; lastKnownFileType = folder.assetcatalog; path = Images.xcassets; sourceTree = "<group>"; };
		CB9D16A61A6698500001F15A /* Base */ = {isa = PBXFileReference; lastKnownFileType = file.xib; name = Base; path = Base.lproj/LaunchScreen.xib; sourceTree = "<group>"; };
		CB9D16AC1A6698500001F15A /* ProgrammaticallyExampleTests.xctest */ = {isa = PBXFileReference; explicitFileType = wrapper.cfbundle; includeInIndex = 0; path = ProgrammaticallyExampleTests.xctest; sourceTree = BUILT_PRODUCTS_DIR; };
		CB9D16B11A6698500001F15A /* Info.plist */ = {isa = PBXFileReference; lastKnownFileType = text.plist.xml; path = Info.plist; sourceTree = "<group>"; };
		CB9D16B21A6698500001F15A /* ProgrammaticallyExampleTests.swift */ = {isa = PBXFileReference; lastKnownFileType = sourcecode.swift; path = ProgrammaticallyExampleTests.swift; sourceTree = "<group>"; };
		CB9D16BD1A66989B0001F15A /* KSToken.swift */ = {isa = PBXFileReference; fileEncoding = 4; lastKnownFileType = sourcecode.swift; path = KSToken.swift; sourceTree = "<group>"; };
		CB9D16BE1A66989B0001F15A /* KSTokenField.swift */ = {isa = PBXFileReference; fileEncoding = 4; lastKnownFileType = sourcecode.swift; path = KSTokenField.swift; sourceTree = "<group>"; };
		CB9D16BF1A66989B0001F15A /* KSTokenView.swift */ = {isa = PBXFileReference; fileEncoding = 4; lastKnownFileType = sourcecode.swift; path = KSTokenView.swift; sourceTree = "<group>"; };
		CB9D16C01A66989B0001F15A /* KSUtils.swift */ = {isa = PBXFileReference; fileEncoding = 4; lastKnownFileType = sourcecode.swift; path = KSUtils.swift; sourceTree = "<group>"; };
		CB9D16C51A66992C0001F15A /* List.swift */ = {isa = PBXFileReference; fileEncoding = 4; lastKnownFileType = sourcecode.swift; name = List.swift; path = ../../List.swift; sourceTree = "<group>"; };
/* End PBXFileReference section */

/* Begin PBXFrameworksBuildPhase section */
		CB9D16941A6698500001F15A /* Frameworks */ = {
			isa = PBXFrameworksBuildPhase;
			buildActionMask = 2147483647;
			files = (
			);
			runOnlyForDeploymentPostprocessing = 0;
		};
		CB9D16A91A6698500001F15A /* Frameworks */ = {
			isa = PBXFrameworksBuildPhase;
			buildActionMask = 2147483647;
			files = (
			);
			runOnlyForDeploymentPostprocessing = 0;
		};
/* End PBXFrameworksBuildPhase section */

/* Begin PBXGroup section */
		CB9D168E1A6698500001F15A = {
			isa = PBXGroup;
			children = (
				CB9D16BC1A66989B0001F15A /* KSTokenView */,
				CB9D16991A6698500001F15A /* ProgrammaticallyExample */,
				CB9D16AF1A6698500001F15A /* ProgrammaticallyExampleTests */,
				CB9D16981A6698500001F15A /* Products */,
			);
			sourceTree = "<group>";
		};
		CB9D16981A6698500001F15A /* Products */ = {
			isa = PBXGroup;
			children = (
				CB9D16971A6698500001F15A /* ProgrammaticallyExample.app */,
				CB9D16AC1A6698500001F15A /* ProgrammaticallyExampleTests.xctest */,
			);
			name = Products;
			sourceTree = "<group>";
		};
		CB9D16991A6698500001F15A /* ProgrammaticallyExample */ = {
			isa = PBXGroup;
			children = (
				CB9D16C51A66992C0001F15A /* List.swift */,
				CB9D169C1A6698500001F15A /* AppDelegate.swift */,
				CB9D169E1A6698500001F15A /* ViewController.swift */,
				CB9D16A01A6698500001F15A /* Main.storyboard */,
				CB9D16A31A6698500001F15A /* Images.xcassets */,
				CB9D16A51A6698500001F15A /* LaunchScreen.xib */,
				CB9D169A1A6698500001F15A /* Supporting Files */,
			);
			path = ProgrammaticallyExample;
			sourceTree = "<group>";
		};
		CB9D169A1A6698500001F15A /* Supporting Files */ = {
			isa = PBXGroup;
			children = (
				CB9D169B1A6698500001F15A /* Info.plist */,
			);
			name = "Supporting Files";
			sourceTree = "<group>";
		};
		CB9D16AF1A6698500001F15A /* ProgrammaticallyExampleTests */ = {
			isa = PBXGroup;
			children = (
				CB9D16B21A6698500001F15A /* ProgrammaticallyExampleTests.swift */,
				CB9D16B01A6698500001F15A /* Supporting Files */,
			);
			path = ProgrammaticallyExampleTests;
			sourceTree = "<group>";
		};
		CB9D16B01A6698500001F15A /* Supporting Files */ = {
			isa = PBXGroup;
			children = (
				CB9D16B11A6698500001F15A /* Info.plist */,
			);
			name = "Supporting Files";
			sourceTree = "<group>";
		};
		CB9D16BC1A66989B0001F15A /* KSTokenView */ = {
			isa = PBXGroup;
			children = (
				CB9D16BD1A66989B0001F15A /* KSToken.swift */,
				CB9D16BE1A66989B0001F15A /* KSTokenField.swift */,
				CB9D16BF1A66989B0001F15A /* KSTokenView.swift */,
				CB9D16C01A66989B0001F15A /* KSUtils.swift */,
			);
			name = KSTokenView;
			path = ../../KSTokenView;
			sourceTree = "<group>";
		};
/* End PBXGroup section */

/* Begin PBXNativeTarget section */
		CB9D16961A6698500001F15A /* ProgrammaticallyExample */ = {
			isa = PBXNativeTarget;
			buildConfigurationList = CB9D16B61A6698500001F15A /* Build configuration list for PBXNativeTarget "ProgrammaticallyExample" */;
			buildPhases = (
				CB9D16931A6698500001F15A /* Sources */,
				CB9D16941A6698500001F15A /* Frameworks */,
				CB9D16951A6698500001F15A /* Resources */,
			);
			buildRules = (
			);
			dependencies = (
			);
			name = ProgrammaticallyExample;
			productName = ProgrammaticallyExample;
			productReference = CB9D16971A6698500001F15A /* ProgrammaticallyExample.app */;
			productType = "com.apple.product-type.application";
		};
		CB9D16AB1A6698500001F15A /* ProgrammaticallyExampleTests */ = {
			isa = PBXNativeTarget;
			buildConfigurationList = CB9D16B91A6698500001F15A /* Build configuration list for PBXNativeTarget "ProgrammaticallyExampleTests" */;
			buildPhases = (
				CB9D16A81A6698500001F15A /* Sources */,
				CB9D16A91A6698500001F15A /* Frameworks */,
				CB9D16AA1A6698500001F15A /* Resources */,
			);
			buildRules = (
			);
			dependencies = (
				CB9D16AE1A6698500001F15A /* PBXTargetDependency */,
			);
			name = ProgrammaticallyExampleTests;
			productName = ProgrammaticallyExampleTests;
			productReference = CB9D16AC1A6698500001F15A /* ProgrammaticallyExampleTests.xctest */;
			productType = "com.apple.product-type.bundle.unit-test";
		};
/* End PBXNativeTarget section */

/* Begin PBXProject section */
		CB9D168F1A6698500001F15A /* Project object */ = {
			isa = PBXProject;
			attributes = {
				LastUpgradeCheck = 0610;
				ORGANIZATIONNAME = "Khawar Shahzad";
				TargetAttributes = {
					CB9D16961A6698500001F15A = {
						CreatedOnToolsVersion = 6.1;
					};
					CB9D16AB1A6698500001F15A = {
						CreatedOnToolsVersion = 6.1;
						TestTargetID = CB9D16961A6698500001F15A;
					};
				};
			};
			buildConfigurationList = CB9D16921A6698500001F15A /* Build configuration list for PBXProject "ProgrammaticallyExample" */;
			compatibilityVersion = "Xcode 3.2";
			developmentRegion = English;
			hasScannedForEncodings = 0;
			knownRegions = (
				en,
				Base,
			);
			mainGroup = CB9D168E1A6698500001F15A;
			productRefGroup = CB9D16981A6698500001F15A /* Products */;
			projectDirPath = "";
			projectRoot = "";
			targets = (
				CB9D16961A6698500001F15A /* ProgrammaticallyExample */,
				CB9D16AB1A6698500001F15A /* ProgrammaticallyExampleTests */,
			);
		};
/* End PBXProject section */

/* Begin PBXResourcesBuildPhase section */
		CB9D16951A6698500001F15A /* Resources */ = {
			isa = PBXResourcesBuildPhase;
			buildActionMask = 2147483647;
			files = (
				CB9D16A21A6698500001F15A /* Main.storyboard in Resources */,
				CB9D16A71A6698500001F15A /* LaunchScreen.xib in Resources */,
				CB9D16A41A6698500001F15A /* Images.xcassets in Resources */,
			);
			runOnlyForDeploymentPostprocessing = 0;
		};
		CB9D16AA1A6698500001F15A /* Resources */ = {
			isa = PBXResourcesBuildPhase;
			buildActionMask = 2147483647;
			files = (
			);
			runOnlyForDeploymentPostprocessing = 0;
		};
/* End PBXResourcesBuildPhase section */

/* Begin PBXSourcesBuildPhase section */
		CB9D16931A6698500001F15A /* Sources */ = {
			isa = PBXSourcesBuildPhase;
			buildActionMask = 2147483647;
			files = (
				CB9D16C21A66989B0001F15A /* KSTokenField.swift in Sources */,
				CB9D169F1A6698500001F15A /* ViewController.swift in Sources */,
				CB9D16C61A66992C0001F15A /* List.swift in Sources */,
				CB9D169D1A6698500001F15A /* AppDelegate.swift in Sources */,
				CB9D16C41A66989B0001F15A /* KSUtils.swift in Sources */,
				CB9D16C11A66989B0001F15A /* KSToken.swift in Sources */,
				CB9D16C31A66989B0001F15A /* KSTokenView.swift in Sources */,
			);
			runOnlyForDeploymentPostprocessing = 0;
		};
		CB9D16A81A6698500001F15A /* Sources */ = {
			isa = PBXSourcesBuildPhase;
			buildActionMask = 2147483647;
			files = (
				CB9D16B31A6698500001F15A /* ProgrammaticallyExampleTests.swift in Sources */,
			);
			runOnlyForDeploymentPostprocessing = 0;
		};
/* End PBXSourcesBuildPhase section */

/* Begin PBXTargetDependency section */
		CB9D16AE1A6698500001F15A /* PBXTargetDependency */ = {
			isa = PBXTargetDependency;
			target = CB9D16961A6698500001F15A /* ProgrammaticallyExample */;
			targetProxy = CB9D16AD1A6698500001F15A /* PBXContainerItemProxy */;
		};
/* End PBXTargetDependency section */

/* Begin PBXVariantGroup section */
		CB9D16A01A6698500001F15A /* Main.storyboard */ = {
			isa = PBXVariantGroup;
			children = (
				CB9D16A11A6698500001F15A /* Base */,
			);
			name = Main.storyboard;
			sourceTree = "<group>";
		};
		CB9D16A51A6698500001F15A /* LaunchScreen.xib */ = {
			isa = PBXVariantGroup;
			children = (
				CB9D16A61A6698500001F15A /* Base */,
			);
			name = LaunchScreen.xib;
			sourceTree = "<group>";
		};
/* End PBXVariantGroup section */

/* Begin XCBuildConfiguration section */
		CB9D16B41A6698500001F15A /* Debug */ = {
			isa = XCBuildConfiguration;
			buildSettings = {
				ALWAYS_SEARCH_USER_PATHS = NO;
				CLANG_CXX_LANGUAGE_STANDARD = "gnu++0x";
				CLANG_CXX_LIBRARY = "libc++";
				CLANG_ENABLE_MODULES = YES;
				CLANG_ENABLE_OBJC_ARC = YES;
				CLANG_WARN_BOOL_CONVERSION = YES;
				CLANG_WARN_CONSTANT_CONVERSION = YES;
				CLANG_WARN_DIRECT_OBJC_ISA_USAGE = YES_ERROR;
				CLANG_WARN_EMPTY_BODY = YES;
				CLANG_WARN_ENUM_CONVERSION = YES;
				CLANG_WARN_INT_CONVERSION = YES;
				CLANG_WARN_OBJC_ROOT_CLASS = YES_ERROR;
				CLANG_WARN_UNREACHABLE_CODE = YES;
				CLANG_WARN__DUPLICATE_METHOD_MATCH = YES;
				"CODE_SIGN_IDENTITY[sdk=iphoneos*]" = "iPhone Developer";
				COPY_PHASE_STRIP = NO;
				ENABLE_STRICT_OBJC_MSGSEND = YES;
				GCC_C_LANGUAGE_STANDARD = gnu99;
				GCC_DYNAMIC_NO_PIC = NO;
				GCC_OPTIMIZATION_LEVEL = 0;
				GCC_PREPROCESSOR_DEFINITIONS = (
					"DEBUG=1",
					"$(inherited)",
				);
				GCC_SYMBOLS_PRIVATE_EXTERN = NO;
				GCC_WARN_64_TO_32_BIT_CONVERSION = YES;
				GCC_WARN_ABOUT_RETURN_TYPE = YES_ERROR;
				GCC_WARN_UNDECLARED_SELECTOR = YES;
				GCC_WARN_UNINITIALIZED_AUTOS = YES_AGGRESSIVE;
				GCC_WARN_UNUSED_FUNCTION = YES;
				GCC_WARN_UNUSED_VARIABLE = YES;
				IPHONEOS_DEPLOYMENT_TARGET = 8.1;
				MTL_ENABLE_DEBUG_INFO = YES;
				ONLY_ACTIVE_ARCH = YES;
				SDKROOT = iphoneos;
				SWIFT_OPTIMIZATION_LEVEL = "-Onone";
				TARGETED_DEVICE_FAMILY = "1,2";
			};
			name = Debug;
		};
		CB9D16B51A6698500001F15A /* Release */ = {
			isa = XCBuildConfiguration;
			buildSettings = {
				ALWAYS_SEARCH_USER_PATHS = NO;
				CLANG_CXX_LANGUAGE_STANDARD = "gnu++0x";
				CLANG_CXX_LIBRARY = "libc++";
				CLANG_ENABLE_MODULES = YES;
				CLANG_ENABLE_OBJC_ARC = YES;
				CLANG_WARN_BOOL_CONVERSION = YES;
				CLANG_WARN_CONSTANT_CONVERSION = YES;
				CLANG_WARN_DIRECT_OBJC_ISA_USAGE = YES_ERROR;
				CLANG_WARN_EMPTY_BODY = YES;
				CLANG_WARN_ENUM_CONVERSION = YES;
				CLANG_WARN_INT_CONVERSION = YES;
				CLANG_WARN_OBJC_ROOT_CLASS = YES_ERROR;
				CLANG_WARN_UNREACHABLE_CODE = YES;
				CLANG_WARN__DUPLICATE_METHOD_MATCH = YES;
				"CODE_SIGN_IDENTITY[sdk=iphoneos*]" = "iPhone Developer";
				COPY_PHASE_STRIP = YES;
				ENABLE_NS_ASSERTIONS = NO;
				ENABLE_STRICT_OBJC_MSGSEND = YES;
				GCC_C_LANGUAGE_STANDARD = gnu99;
				GCC_WARN_64_TO_32_BIT_CONVERSION = YES;
				GCC_WARN_ABOUT_RETURN_TYPE = YES_ERROR;
				GCC_WARN_UNDECLARED_SELECTOR = YES;
				GCC_WARN_UNINITIALIZED_AUTOS = YES_AGGRESSIVE;
				GCC_WARN_UNUSED_FUNCTION = YES;
				GCC_WARN_UNUSED_VARIABLE = YES;
				IPHONEOS_DEPLOYMENT_TARGET = 8.1;
				MTL_ENABLE_DEBUG_INFO = NO;
				SDKROOT = iphoneos;
				TARGETED_DEVICE_FAMILY = "1,2";
				VALIDATE_PRODUCT = YES;
			};
			name = Release;
		};
		CB9D16B71A6698500001F15A /* Debug */ = {
			isa = XCBuildConfiguration;
			buildSettings = {
				ASSETCATALOG_COMPILER_APPICON_NAME = AppIcon;
				INFOPLIST_FILE = ProgrammaticallyExample/Info.plist;
				LD_RUNPATH_SEARCH_PATHS = "$(inherited) @executable_path/Frameworks";
				PRODUCT_NAME = "$(TARGET_NAME)";
			};
			name = Debug;
		};
		CB9D16B81A6698500001F15A /* Release */ = {
			isa = XCBuildConfiguration;
			buildSettings = {
				ASSETCATALOG_COMPILER_APPICON_NAME = AppIcon;
				INFOPLIST_FILE = ProgrammaticallyExample/Info.plist;
				LD_RUNPATH_SEARCH_PATHS = "$(inherited) @executable_path/Frameworks";
				PRODUCT_NAME = "$(TARGET_NAME)";
			};
			name = Release;
		};
		CB9D16BA1A6698500001F15A /* Debug */ = {
			isa = XCBuildConfiguration;
			buildSettings = {
				BUNDLE_LOADER = "$(TEST_HOST)";
				FRAMEWORK_SEARCH_PATHS = (
					"$(SDKROOT)/Developer/Library/Frameworks",
					"$(inherited)",
				);
				GCC_PREPROCESSOR_DEFINITIONS = (
					"DEBUG=1",
					"$(inherited)",
				);
				INFOPLIST_FILE = ProgrammaticallyExampleTests/Info.plist;
				LD_RUNPATH_SEARCH_PATHS = "$(inherited) @executable_path/Frameworks @loader_path/Frameworks";
				PRODUCT_NAME = "$(TARGET_NAME)";
				TEST_HOST = "$(BUILT_PRODUCTS_DIR)/ProgrammaticallyExample.app/ProgrammaticallyExample";
			};
			name = Debug;
		};
		CB9D16BB1A6698500001F15A /* Release */ = {
			isa = XCBuildConfiguration;
			buildSettings = {
				BUNDLE_LOADER = "$(TEST_HOST)";
				FRAMEWORK_SEARCH_PATHS = (
					"$(SDKROOT)/Developer/Library/Frameworks",
					"$(inherited)",
				);
				INFOPLIST_FILE = ProgrammaticallyExampleTests/Info.plist;
				LD_RUNPATH_SEARCH_PATHS = "$(inherited) @executable_path/Frameworks @loader_path/Frameworks";
				PRODUCT_NAME = "$(TARGET_NAME)";
				TEST_HOST = "$(BUILT_PRODUCTS_DIR)/ProgrammaticallyExample.app/ProgrammaticallyExample";
			};
			name = Release;
		};
/* End XCBuildConfiguration section */

/* Begin XCConfigurationList section */
		CB9D16921A6698500001F15A /* Build configuration list for PBXProject "ProgrammaticallyExample" */ = {
			isa = XCConfigurationList;
			buildConfigurations = (
				CB9D16B41A6698500001F15A /* Debug */,
				CB9D16B51A6698500001F15A /* Release */,
			);
			defaultConfigurationIsVisible = 0;
			defaultConfigurationName = Release;
		};
		CB9D16B61A6698500001F15A /* Build configuration list for PBXNativeTarget "ProgrammaticallyExample" */ = {
			isa = XCConfigurationList;
			buildConfigurations = (
				CB9D16B71A6698500001F15A /* Debug */,
				CB9D16B81A6698500001F15A /* Release */,
			);
			defaultConfigurationIsVisible = 0;
		};
		CB9D16B91A6698500001F15A /* Build configuration list for PBXNativeTarget "ProgrammaticallyExampleTests" */ = {
			isa = XCConfigurationList;
			buildConfigurations = (
				CB9D16BA1A6698500001F15A /* Debug */,
				CB9D16BB1A6698500001F15A /* Release */,
			);
			defaultConfigurationIsVisible = 0;
		};
/* End XCConfigurationList section */
	};
	rootObject = CB9D168F1A6698500001F15A /* Project object */;
}
