// !$*UTF8*$!
{
	archiveVersion = 1;
	classes = {
	};
	objectVersion = 46;
	objects = {

/* Begin PBXBuildFile section */
		CB21A3B81A6D69B0006233F2 /* AppDelegate.swift in Sources */ = {isa = PBXBuildFile; fileRef = CB21A3B71A6D69B0006233F2 /* AppDelegate.swift */; };
		CB21A3BA1A6D69B0006233F2 /* ViewController.swift in Sources */ = {isa = PBXBuildFile; fileRef = CB21A3B91A6D69B0006233F2 /* ViewController.swift */; };
		CB21A3BD1A6D69B0006233F2 /* Main.storyboard in Resources */ = {isa = PBXBuildFile; fileRef = CB21A3BB1A6D69B0006233F2 /* Main.storyboard */; };
		CB21A3BF1A6D69B0006233F2 /* Images.xcassets in Resources */ = {isa = PBXBuildFile; fileRef = CB21A3BE1A6D69B0006233F2 /* Images.xcassets */; };
		CB21A3C21A6D69B0006233F2 /* LaunchScreen.xib in Resources */ = {isa = PBXBuildFile; fileRef = CB21A3C01A6D69B0006233F2 /* LaunchScreen.xib */; };
		CB21A3CE1A6D69B0006233F2 /* HorizontalExampleTests.swift in Sources */ = {isa = PBXBuildFile; fileRef = CB21A3CD1A6D69B0006233F2 /* HorizontalExampleTests.swift */; };
		CB21A3DC1A6D69C0006233F2 /* KSToken.swift in Sources */ = {isa = PBXBuildFile; fileRef = CB21A3D81A6D69C0006233F2 /* KSToken.swift */; };
		CB21A3DD1A6D69C0006233F2 /* KSTokenField.swift in Sources */ = {isa = PBXBuildFile; fileRef = CB21A3D91A6D69C0006233F2 /* KSTokenField.swift */; };
		CB21A3DE1A6D69C0006233F2 /* KSTokenView.swift in Sources */ = {isa = PBXBuildFile; fileRef = CB21A3DA1A6D69C0006233F2 /* KSTokenView.swift */; };
		CB21A3DF1A6D69C0006233F2 /* KSUtils.swift in Sources */ = {isa = PBXBuildFile; fileRef = CB21A3DB1A6D69C0006233F2 /* KSUtils.swift */; };
		CB21A3E11A6D6A88006233F2 /* List.swift in Sources */ = {isa = PBXBuildFile; fileRef = CB21A3E01A6D6A88006233F2 /* List.swift */; };
/* End PBXBuildFile section */

/* Begin PBXContainerItemProxy section */
		CB21A3C81A6D69B0006233F2 /* PBXContainerItemProxy */ = {
			isa = PBXContainerItemProxy;
			containerPortal = CB21A3AA1A6D69B0006233F2 /* Project object */;
			proxyType = 1;
			remoteGlobalIDString = CB21A3B11A6D69B0006233F2;
			remoteInfo = HorizontalExample;
		};
/* End PBXContainerItemProxy section */

/* Begin PBXFileReference section */
		CB21A3B21A6D69B0006233F2 /* HorizontalExample.app */ = {isa = PBXFileReference; explicitFileType = wrapper.application; includeInIndex = 0; path = HorizontalExample.app; sourceTree = BUILT_PRODUCTS_DIR; };
		CB21A3B61A6D69B0006233F2 /* Info.plist */ = {isa = PBXFileReference; lastKnownFileType = text.plist.xml; path = Info.plist; sourceTree = "<group>"; };
		CB21A3B71A6D69B0006233F2 /* AppDelegate.swift */ = {isa = PBXFileReference; lastKnownFileType = sourcecode.swift; path = AppDelegate.swift; sourceTree = "<group>"; };
		CB21A3B91A6D69B0006233F2 /* ViewController.swift */ = {isa = PBXFileReference; lastKnownFileType = sourcecode.swift; path = ViewController.swift; sourceTree = "<group>"; };
		CB21A3BC1A6D69B0006233F2 /* Base */ = {isa = PBXFileReference; lastKnownFileType = file.storyboard; name = Base; path = Base.lproj/Main.storyboard; sourceTree = "<group>"; };
		CB21A3BE1A6D69B0006233F2 /* Images.xcassets */ = {isa = PBXFileReference; lastKnownFileType = folder.assetcatalog; path = Images.xcassets; sourceTree = "<group>"; };
		CB21A3C11A6D69B0006233F2 /* Base */ = {isa = PBXFileReference; lastKnownFileType = file.xib; name = Base; path = Base.lproj/LaunchScreen.xib; sourceTree = "<group>"; };
		CB21A3C71A6D69B0006233F2 /* HorizontalExampleTests.xctest */ = {isa = PBXFileReference; explicitFileType = wrapper.cfbundle; includeInIndex = 0; path = HorizontalExampleTests.xctest; sourceTree = BUILT_PRODUCTS_DIR; };
		CB21A3CC1A6D69B0006233F2 /* Info.plist */ = {isa = PBXFileReference; lastKnownFileType = text.plist.xml; path = Info.plist; sourceTree = "<group>"; };
		CB21A3CD1A6D69B0006233F2 /* HorizontalExampleTests.swift */ = {isa = PBXFileReference; lastKnownFileType = sourcecode.swift; path = HorizontalExampleTests.swift; sourceTree = "<group>"; };
		CB21A3D81A6D69C0006233F2 /* KSToken.swift */ = {isa = PBXFileReference; fileEncoding = 4; lastKnownFileType = sourcecode.swift; path = KSToken.swift; sourceTree = "<group>"; };
		CB21A3D91A6D69C0006233F2 /* KSTokenField.swift */ = {isa = PBXFileReference; fileEncoding = 4; lastKnownFileType = sourcecode.swift; path = KSTokenField.swift; sourceTree = "<group>"; };
		CB21A3DA1A6D69C0006233F2 /* KSTokenView.swift */ = {isa = PBXFileReference; fileEncoding = 4; lastKnownFileType = sourcecode.swift; path = KSTokenView.swift; sourceTree = "<group>"; };
		CB21A3DB1A6D69C0006233F2 /* KSUtils.swift */ = {isa = PBXFileReference; fileEncoding = 4; lastKnownFileType = sourcecode.swift; path = KSUtils.swift; sourceTree = "<group>"; };
		CB21A3E01A6D6A88006233F2 /* List.swift */ = {isa = PBXFileReference; fileEncoding = 4; lastKnownFileType = sourcecode.swift; name = List.swift; path = ../../List.swift; sourceTree = "<group>"; };
/* End PBXFileReference section */

/* Begin PBXFrameworksBuildPhase section */
		CB21A3AF1A6D69B0006233F2 /* Frameworks */ = {
			isa = PBXFrameworksBuildPhase;
			buildActionMask = 2147483647;
			files = (
			);
			runOnlyForDeploymentPostprocessing = 0;
		};
		CB21A3C41A6D69B0006233F2 /* Frameworks */ = {
			isa = PBXFrameworksBuildPhase;
			buildActionMask = 2147483647;
			files = (
			);
			runOnlyForDeploymentPostprocessing = 0;
		};
/* End PBXFrameworksBuildPhase section */

/* Begin PBXGroup section */
		CB21A3A91A6D69B0006233F2 = {
			isa = PBXGroup;
			children = (
				CB21A3D71A6D69C0006233F2 /* KSTokenView */,
				CB21A3B41A6D69B0006233F2 /* HorizontalExample */,
				CB21A3CA1A6D69B0006233F2 /* HorizontalExampleTests */,
				CB21A3B31A6D69B0006233F2 /* Products */,
			);
			sourceTree = "<group>";
		};
		CB21A3B31A6D69B0006233F2 /* Products */ = {
			isa = PBXGroup;
			children = (
				CB21A3B21A6D69B0006233F2 /* HorizontalExample.app */,
				CB21A3C71A6D69B0006233F2 /* HorizontalExampleTests.xctest */,
			);
			name = Products;
			sourceTree = "<group>";
		};
		CB21A3B41A6D69B0006233F2 /* HorizontalExample */ = {
			isa = PBXGroup;
			children = (
				CB21A3E01A6D6A88006233F2 /* List.swift */,
				CB21A3B71A6D69B0006233F2 /* AppDelegate.swift */,
				CB21A3B91A6D69B0006233F2 /* ViewController.swift */,
				CB21A3BB1A6D69B0006233F2 /* Main.storyboard */,
				CB21A3BE1A6D69B0006233F2 /* Images.xcassets */,
				CB21A3C01A6D69B0006233F2 /* LaunchScreen.xib */,
				CB21A3B51A6D69B0006233F2 /* Supporting Files */,
			);
			path = HorizontalExample;
			sourceTree = "<group>";
		};
		CB21A3B51A6D69B0006233F2 /* Supporting Files */ = {
			isa = PBXGroup;
			children = (
				CB21A3B61A6D69B0006233F2 /* Info.plist */,
			);
			name = "Supporting Files";
			sourceTree = "<group>";
		};
		CB21A3CA1A6D69B0006233F2 /* HorizontalExampleTests */ = {
			isa = PBXGroup;
			children = (
				CB21A3CD1A6D69B0006233F2 /* HorizontalExampleTests.swift */,
				CB21A3CB1A6D69B0006233F2 /* Supporting Files */,
			);
			path = HorizontalExampleTests;
			sourceTree = "<group>";
		};
		CB21A3CB1A6D69B0006233F2 /* Supporting Files */ = {
			isa = PBXGroup;
			children = (
				CB21A3CC1A6D69B0006233F2 /* Info.plist */,
			);
			name = "Supporting Files";
			sourceTree = "<group>";
		};
		CB21A3D71A6D69C0006233F2 /* KSTokenView */ = {
			isa = PBXGroup;
			children = (
				CB21A3D81A6D69C0006233F2 /* KSToken.swift */,
				CB21A3D91A6D69C0006233F2 /* KSTokenField.swift */,
				CB21A3DA1A6D69C0006233F2 /* KSTokenView.swift */,
				CB21A3DB1A6D69C0006233F2 /* KSUtils.swift */,
			);
			name = KSTokenView;
			path = ../../KSTokenView;
			sourceTree = "<group>";
		};
/* End PBXGroup section */

/* Begin PBXNativeTarget section */
		CB21A3B11A6D69B0006233F2 /* HorizontalExample */ = {
			isa = PBXNativeTarget;
			buildConfigurationList = CB21A3D11A6D69B0006233F2 /* Build configuration list for PBXNativeTarget "HorizontalExample" */;
			buildPhases = (
				CB21A3AE1A6D69B0006233F2 /* Sources */,
				CB21A3AF1A6D69B0006233F2 /* Frameworks */,
				CB21A3B01A6D69B0006233F2 /* Resources */,
			);
			buildRules = (
			);
			dependencies = (
			);
			name = HorizontalExample;
			productName = HorizontalExample;
			productReference = CB21A3B21A6D69B0006233F2 /* HorizontalExample.app */;
			productType = "com.apple.product-type.application";
		};
		CB21A3C61A6D69B0006233F2 /* HorizontalExampleTests */ = {
			isa = PBXNativeTarget;
			buildConfigurationList = CB21A3D41A6D69B0006233F2 /* Build configuration list for PBXNativeTarget "HorizontalExampleTests" */;
			buildPhases = (
				CB21A3C31A6D69B0006233F2 /* Sources */,
				CB21A3C41A6D69B0006233F2 /* Frameworks */,
				CB21A3C51A6D69B0006233F2 /* Resources */,
			);
			buildRules = (
			);
			dependencies = (
				CB21A3C91A6D69B0006233F2 /* PBXTargetDependency */,
			);
			name = HorizontalExampleTests;
			productName = HorizontalExampleTests;
			productReference = CB21A3C71A6D69B0006233F2 /* HorizontalExampleTests.xctest */;
			productType = "com.apple.product-type.bundle.unit-test";
		};
/* End PBXNativeTarget section */

/* Begin PBXProject section */
		CB21A3AA1A6D69B0006233F2 /* Project object */ = {
			isa = PBXProject;
			attributes = {
				LastSwiftUpdateCheck = 0700;
				LastUpgradeCheck = 0700;
				ORGANIZATIONNAME = "Khawar Shahzad";
				TargetAttributes = {
					CB21A3B11A6D69B0006233F2 = {
						CreatedOnToolsVersion = 6.1;
						LastSwiftMigration = 0800;
					};
					CB21A3C61A6D69B0006233F2 = {
						CreatedOnToolsVersion = 6.1;
						LastSwiftMigration = 0800;
						TestTargetID = CB21A3B11A6D69B0006233F2;
					};
				};
			};
			buildConfigurationList = CB21A3AD1A6D69B0006233F2 /* Build configuration list for PBXProject "HorizontalExample" */;
			compatibilityVersion = "Xcode 3.2";
			developmentRegion = English;
			hasScannedForEncodings = 0;
			knownRegions = (
				en,
				Base,
			);
			mainGroup = CB21A3A91A6D69B0006233F2;
			productRefGroup = CB21A3B31A6D69B0006233F2 /* Products */;
			projectDirPath = "";
			projectRoot = "";
			targets = (
				CB21A3B11A6D69B0006233F2 /* HorizontalExample */,
				CB21A3C61A6D69B0006233F2 /* HorizontalExampleTests */,
			);
		};
/* End PBXProject section */

/* Begin PBXResourcesBuildPhase section */
		CB21A3B01A6D69B0006233F2 /* Resources */ = {
			isa = PBXResourcesBuildPhase;
			buildActionMask = 2147483647;
			files = (
				CB21A3BD1A6D69B0006233F2 /* Main.storyboard in Resources */,
				CB21A3C21A6D69B0006233F2 /* LaunchScreen.xib in Resources */,
				CB21A3BF1A6D69B0006233F2 /* Images.xcassets in Resources */,
			);
			runOnlyForDeploymentPostprocessing = 0;
		};
		CB21A3C51A6D69B0006233F2 /* Resources */ = {
			isa = PBXResourcesBuildPhase;
			buildActionMask = 2147483647;
			files = (
			);
			runOnlyForDeploymentPostprocessing = 0;
		};
/* End PBXResourcesBuildPhase section */

/* Begin PBXSourcesBuildPhase section */
		CB21A3AE1A6D69B0006233F2 /* Sources */ = {
			isa = PBXSourcesBuildPhase;
			buildActionMask = 2147483647;
			files = (
				CB21A3DD1A6D69C0006233F2 /* KSTokenField.swift in Sources */,
				CB21A3BA1A6D69B0006233F2 /* ViewController.swift in Sources */,
				CB21A3E11A6D6A88006233F2 /* List.swift in Sources */,
				CB21A3B81A6D69B0006233F2 /* AppDelegate.swift in Sources */,
				CB21A3DF1A6D69C0006233F2 /* KSUtils.swift in Sources */,
				CB21A3DC1A6D69C0006233F2 /* KSToken.swift in Sources */,
				CB21A3DE1A6D69C0006233F2 /* KSTokenView.swift in Sources */,
			);
			runOnlyForDeploymentPostprocessing = 0;
		};
		CB21A3C31A6D69B0006233F2 /* Sources */ = {
			isa = PBXSourcesBuildPhase;
			buildActionMask = 2147483647;
			files = (
				CB21A3CE1A6D69B0006233F2 /* HorizontalExampleTests.swift in Sources */,
			);
			runOnlyForDeploymentPostprocessing = 0;
		};
/* End PBXSourcesBuildPhase section */

/* Begin PBXTargetDependency section */
		CB21A3C91A6D69B0006233F2 /* PBXTargetDependency */ = {
			isa = PBXTargetDependency;
			target = CB21A3B11A6D69B0006233F2 /* HorizontalExample */;
			targetProxy = CB21A3C81A6D69B0006233F2 /* PBXContainerItemProxy */;
		};
/* End PBXTargetDependency section */

/* Begin PBXVariantGroup section */
		CB21A3BB1A6D69B0006233F2 /* Main.storyboard */ = {
			isa = PBXVariantGroup;
			children = (
				CB21A3BC1A6D69B0006233F2 /* Base */,
			);
			name = Main.storyboard;
			sourceTree = "<group>";
		};
		CB21A3C01A6D69B0006233F2 /* LaunchScreen.xib */ = {
			isa = PBXVariantGroup;
			children = (
				CB21A3C11A6D69B0006233F2 /* Base */,
			);
			name = LaunchScreen.xib;
			sourceTree = "<group>";
		};
/* End PBXVariantGroup section */

/* Begin XCBuildConfiguration section */
		CB21A3CF1A6D69B0006233F2 /* Debug */ = {
			isa = XCBuildConfiguration;
			buildSettings = {
				ALWAYS_SEARCH_USER_PATHS = NO;
				CLANG_CXX_LANGUAGE_STANDARD = "gnu++0x";
				CLANG_CXX_LIBRARY = "libc++";
				CLANG_ENABLE_MODULES = YES;
				CLANG_ENABLE_OBJC_ARC = YES;
				CLANG_WARN_BOOL_CONVERSION = YES;
				CLANG_WARN_CONSTANT_CONVERSION = YES;
				CLANG_WARN_DIRECT_OBJC_ISA_USAGE = YES_ERROR;
				CLANG_WARN_EMPTY_BODY = YES;
				CLANG_WARN_ENUM_CONVERSION = YES;
				CLANG_WARN_INT_CONVERSION = YES;
				CLANG_WARN_OBJC_ROOT_CLASS = YES_ERROR;
				CLANG_WARN_UNREACHABLE_CODE = YES;
				CLANG_WARN__DUPLICATE_METHOD_MATCH = YES;
				"CODE_SIGN_IDENTITY[sdk=iphoneos*]" = "iPhone Developer";
				COPY_PHASE_STRIP = NO;
				ENABLE_STRICT_OBJC_MSGSEND = YES;
				ENABLE_TESTABILITY = YES;
				GCC_C_LANGUAGE_STANDARD = gnu99;
				GCC_DYNAMIC_NO_PIC = NO;
				GCC_OPTIMIZATION_LEVEL = 0;
				GCC_PREPROCESSOR_DEFINITIONS = (
					"DEBUG=1",
					"$(inherited)",
				);
				GCC_SYMBOLS_PRIVATE_EXTERN = NO;
				GCC_WARN_64_TO_32_BIT_CONVERSION = YES;
				GCC_WARN_ABOUT_RETURN_TYPE = YES_ERROR;
				GCC_WARN_UNDECLARED_SELECTOR = YES;
				GCC_WARN_UNINITIALIZED_AUTOS = YES_AGGRESSIVE;
				GCC_WARN_UNUSED_FUNCTION = YES;
				GCC_WARN_UNUSED_VARIABLE = YES;
				IPHONEOS_DEPLOYMENT_TARGET = 8.1;
				MTL_ENABLE_DEBUG_INFO = YES;
				ONLY_ACTIVE_ARCH = YES;
				SDKROOT = iphoneos;
				SWIFT_OPTIMIZATION_LEVEL = "-Onone";
				TARGETED_DEVICE_FAMILY = "1,2";
			};
			name = Debug;
		};
		CB21A3D01A6D69B0006233F2 /* Release */ = {
			isa = XCBuildConfiguration;
			buildSettings = {
				ALWAYS_SEARCH_USER_PATHS = NO;
				CLANG_CXX_LANGUAGE_STANDARD = "gnu++0x";
				CLANG_CXX_LIBRARY = "libc++";
				CLANG_ENABLE_MODULES = YES;
				CLANG_ENABLE_OBJC_ARC = YES;
				CLANG_WARN_BOOL_CONVERSION = YES;
				CLANG_WARN_CONSTANT_CONVERSION = YES;
				CLANG_WARN_DIRECT_OBJC_ISA_USAGE = YES_ERROR;
				CLANG_WARN_EMPTY_BODY = YES;
				CLANG_WARN_ENUM_CONVERSION = YES;
				CLANG_WARN_INT_CONVERSION = YES;
				CLANG_WARN_OBJC_ROOT_CLASS = YES_ERROR;
				CLANG_WARN_UNREACHABLE_CODE = YES;
				CLANG_WARN__DUPLICATE_METHOD_MATCH = YES;
				"CODE_SIGN_IDENTITY[sdk=iphoneos*]" = "iPhone Developer";
				COPY_PHASE_STRIP = YES;
				ENABLE_NS_ASSERTIONS = NO;
				ENABLE_STRICT_OBJC_MSGSEND = YES;
				GCC_C_LANGUAGE_STANDARD = gnu99;
				GCC_WARN_64_TO_32_BIT_CONVERSION = YES;
				GCC_WARN_ABOUT_RETURN_TYPE = YES_ERROR;
				GCC_WARN_UNDECLARED_SELECTOR = YES;
				GCC_WARN_UNINITIALIZED_AUTOS = YES_AGGRESSIVE;
				GCC_WARN_UNUSED_FUNCTION = YES;
				GCC_WARN_UNUSED_VARIABLE = YES;
				IPHONEOS_DEPLOYMENT_TARGET = 8.1;
				MTL_ENABLE_DEBUG_INFO = NO;
				SDKROOT = iphoneos;
				TARGETED_DEVICE_FAMILY = "1,2";
				VALIDATE_PRODUCT = YES;
			};
			name = Release;
		};
		CB21A3D21A6D69B0006233F2 /* Debug */ = {
			isa = XCBuildConfiguration;
			buildSettings = {
				ASSETCATALOG_COMPILER_APPICON_NAME = AppIcon;
				INFOPLIST_FILE = HorizontalExample/Info.plist;
				LD_RUNPATH_SEARCH_PATHS = "$(inherited) @executable_path/Frameworks";
				PRODUCT_BUNDLE_IDENTIFIER = "com.khawar.$(PRODUCT_NAME:rfc1034identifier)";
				PRODUCT_NAME = "$(TARGET_NAME)";
				SWIFT_VERSION = 2.3;
			};
			name = Debug;
		};
		CB21A3D31A6D69B0006233F2 /* Release */ = {
			isa = XCBuildConfiguration;
			buildSettings = {
				ASSETCATALOG_COMPILER_APPICON_NAME = AppIcon;
				INFOPLIST_FILE = HorizontalExample/Info.plist;
				LD_RUNPATH_SEARCH_PATHS = "$(inherited) @executable_path/Frameworks";
				PRODUCT_BUNDLE_IDENTIFIER = "com.khawar.$(PRODUCT_NAME:rfc1034identifier)";
				PRODUCT_NAME = "$(TARGET_NAME)";
				SWIFT_VERSION = 2.3;
			};
			name = Release;
		};
		CB21A3D51A6D69B0006233F2 /* Debug */ = {
			isa = XCBuildConfiguration;
			buildSettings = {
				BUNDLE_LOADER = "$(TEST_HOST)";
				FRAMEWORK_SEARCH_PATHS = (
					"$(SDKROOT)/Developer/Library/Frameworks",
					"$(inherited)",
				);
				GCC_PREPROCESSOR_DEFINITIONS = (
					"DEBUG=1",
					"$(inherited)",
				);
				INFOPLIST_FILE = HorizontalExampleTests/Info.plist;
				LD_RUNPATH_SEARCH_PATHS = "$(inherited) @executable_path/Frameworks @loader_path/Frameworks";
				PRODUCT_BUNDLE_IDENTIFIER = "com.khawar.$(PRODUCT_NAME:rfc1034identifier)";
				PRODUCT_NAME = "$(TARGET_NAME)";
				SWIFT_VERSION = 2.3;
				TEST_HOST = "$(BUILT_PRODUCTS_DIR)/HorizontalExample.app/HorizontalExample";
			};
			name = Debug;
		};
		CB21A3D61A6D69B0006233F2 /* Release */ = {
			isa = XCBuildConfiguration;
			buildSettings = {
				BUNDLE_LOADER = "$(TEST_HOST)";
				FRAMEWORK_SEARCH_PATHS = (
					"$(SDKROOT)/Developer/Library/Frameworks",
					"$(inherited)",
				);
				INFOPLIST_FILE = HorizontalExampleTests/Info.plist;
				LD_RUNPATH_SEARCH_PATHS = "$(inherited) @executable_path/Frameworks @loader_path/Frameworks";
				PRODUCT_BUNDLE_IDENTIFIER = "com.khawar.$(PRODUCT_NAME:rfc1034identifier)";
				PRODUCT_NAME = "$(TARGET_NAME)";
				SWIFT_VERSION = 2.3;
				TEST_HOST = "$(BUILT_PRODUCTS_DIR)/HorizontalExample.app/HorizontalExample";
			};
			name = Release;
		};
/* End XCBuildConfiguration section */

/* Begin XCConfigurationList section */
		CB21A3AD1A6D69B0006233F2 /* Build configuration list for PBXProject "HorizontalExample" */ = {
			isa = XCConfigurationList;
			buildConfigurations = (
				CB21A3CF1A6D69B0006233F2 /* Debug */,
				CB21A3D01A6D69B0006233F2 /* Release */,
			);
			defaultConfigurationIsVisible = 0;
			defaultConfigurationName = Release;
		};
		CB21A3D11A6D69B0006233F2 /* Build configuration list for PBXNativeTarget "HorizontalExample" */ = {
			isa = XCConfigurationList;
			buildConfigurations = (
				CB21A3D21A6D69B0006233F2 /* Debug */,
				CB21A3D31A6D69B0006233F2 /* Release */,
			);
			defaultConfigurationIsVisible = 0;
			defaultConfigurationName = Release;
		};
		CB21A3D41A6D69B0006233F2 /* Build configuration list for PBXNativeTarget "HorizontalExampleTests" */ = {
			isa = XCConfigurationList;
			buildConfigurations = (
				CB21A3D51A6D69B0006233F2 /* Debug */,
				CB21A3D61A6D69B0006233F2 /* Release */,
			);
			defaultConfigurationIsVisible = 0;
			defaultConfigurationName = Release;
		};
/* End XCConfigurationList section */
	};
	rootObject = CB21A3AA1A6D69B0006233F2 /* Project object */;
}
